
Microsoft Visual Studio Solution File, Format Version 12.00
# Visual Studio 2012
Project("{FAE04EC0-301F-11D3-BF4B-00C04F79EFBC}") = "MyCouch", "Projects\MyCouch\MyCouch.csproj", "{F721C24F-162E-4505-9D5E-F7565CA16886}"
EndProject
Project("{2150E333-8FDC-42A3-9474-1A3956D46DE8}") = "Solution Items", "Solution Items", "{785379EB-A911-4A49-986E-96DD4756B3FA}"
	ProjectSection(SolutionItems) = preProject
		SharedAssemblyInfo.cs = SharedAssemblyInfo.cs
	EndProjectSection
EndProject
Project("{2150E333-8FDC-42A3-9474-1A3956D46DE8}") = "Base", "Base", "{2F6DAB03-ECF3-4811-BEF4-FC2C8A6451DE}"
EndProject
Project("{FAE04EC0-301F-11D3-BF4B-00C04F79EFBC}") = "MyCouch.Testing", "Tests\MyCouch.Testing\MyCouch.Testing.csproj", "{9622FAF4-8CC8-406C-9F0E-8E20E568F71E}"
EndProject
Project("{FAE04EC0-301F-11D3-BF4B-00C04F79EFBC}") = "MyCouch.Net45", "Projects\MyCouch.Net45\MyCouch.Net45.csproj", "{564701B5-D8F3-4B69-981F-559F8867FB76}"
EndProject
Project("{FAE04EC0-301F-11D3-BF4B-00C04F79EFBC}") = "MyCouch.Net40", "Projects\MyCouch.Net40\MyCouch.Net40.csproj", "{F6F6B78C-3213-452C-834B-2D2C8AE69685}"
EndProject
Project("{2150E333-8FDC-42A3-9474-1A3956D46DE8}") = "Net40", "Net40", "{06E2BB5F-880E-40A4-9276-BD76246E4296}"
EndProject
Project("{2150E333-8FDC-42A3-9474-1A3956D46DE8}") = "Net45", "Net45", "{14C7D3EC-DE4D-4573-9F49-4FF9422D6C9B}"
EndProject
Project("{2150E333-8FDC-42A3-9474-1A3956D46DE8}") = "WinRT", "WinRT", "{21F9B70E-0D69-43C4-B913-9D21DD9020A9}"
EndProject
Project("{FAE04EC0-301F-11D3-BF4B-00C04F79EFBC}") = "MyCouch.WinRT", "Projects\MyCouch.WinRT\MyCouch.WinRT.csproj", "{07FEA184-BCE6-4224-A9D7-B8D3FF5BB439}"
EndProject
Project("{FAE04EC0-301F-11D3-BF4B-00C04F79EFBC}") = "MyCouch.WinRT.UnitTests", "Tests\MyCouch.WinRT.UnitTests\MyCouch.WinRT.UnitTests.csproj", "{37781B29-B70D-45AA-A762-F5A9C2BF79CF}"
EndProject
Project("{FAE04EC0-301F-11D3-BF4B-00C04F79EFBC}") = "MyCouch.WinRT.IntegrationTests", "Tests\MyCouch.WinRT.IntegrationTests\MyCouch.WinRT.IntegrationTests.csproj", "{DF0AFD90-F622-47FB-B50C-E4C91768F929}"
EndProject
Project("{FAE04EC0-301F-11D3-BF4B-00C04F79EFBC}") = "MyCouch.Net45.UnitTests", "Tests\MyCouch.Net45.UnitTests\MyCouch.Net45.UnitTests.csproj", "{FB5A0433-00DD-4FBF-9B0E-C0BEB889271E}"
EndProject
Project("{FAE04EC0-301F-11D3-BF4B-00C04F79EFBC}") = "MyCouch.Net45.IntegrationTests", "Tests\MyCouch.Net45.IntegrationTests\MyCouch.Net45.IntegrationTests.csproj", "{ECF1997E-D465-47E4-8E62-AF52CCED3117}"
EndProject
Project("{FAE04EC0-301F-11D3-BF4B-00C04F79EFBC}") = "MyCouch.Net40.IntegrationTests", "Tests\MyCouch.Net40.IntegrationTests\MyCouch.Net40.IntegrationTests.csproj", "{73F9C944-A9B4-4A6D-B173-3FF8D873FD6E}"
EndProject
Project("{FAE04EC0-301F-11D3-BF4B-00C04F79EFBC}") = "MyCouch.Net40.UnitTests", "Tests\MyCouch.Net40.UnitTests\MyCouch.Net40.UnitTests.csproj", "{F245BECA-86AD-48D8-AAE6-107F547BE7A2}"
EndProject
Project("{FAE04EC0-301F-11D3-BF4B-00C04F79EFBC}") = "MyCouch.UnitTests", "Tests\MyCouch.UnitTests\MyCouch.UnitTests.csproj", "{31A8A022-ED83-43C9-AEB3-691A3CAD995D}"
EndProject
Project("{FAE04EC0-301F-11D3-BF4B-00C04F79EFBC}") = "MyCouch.IntegrationTests", "Tests\MyCouch.IntegrationTests\MyCouch.IntegrationTests.csproj", "{195737FE-052F-47A6-9421-79411E5197D8}"
EndProject
Project("{FAE04EC0-301F-11D3-BF4B-00C04F79EFBC}") = "MyCouch.Net40.Testing", "Tests\MyCouch.Net40.Testing\MyCouch.Net40.Testing.csproj", "{543EC318-D547-4325-BF8D-4D79519B35E6}"
EndProject
Project("{FAE04EC0-301F-11D3-BF4B-00C04F79EFBC}") = "MyCouch.Net45.Testing", "Tests\MyCouch.Net45.Testing\MyCouch.Net45.Testing.csproj", "{BC0E74F4-F02A-45FF-B1A0-AF91BCC7F7D4}"
EndProject
Project("{FAE04EC0-301F-11D3-BF4B-00C04F79EFBC}") = "MyCouch.WinRT.Testing", "Tests\MyCouch.WinRT.Testing\MyCouch.WinRT.Testing.csproj", "{3CB22CEE-3D68-4BA4-9542-1A6630D6CB59}"
EndProject
Global
	GlobalSection(SolutionConfigurationPlatforms) = preSolution
		Debug|Any CPU = Debug|Any CPU
		Debug|ARM = Debug|ARM
		Debug|x64 = Debug|x64
		Debug|x86 = Debug|x86
		Release|Any CPU = Release|Any CPU
		Release|ARM = Release|ARM
		Release|x64 = Release|x64
		Release|x86 = Release|x86
	EndGlobalSection
	GlobalSection(ProjectConfigurationPlatforms) = postSolution
		{F721C24F-162E-4505-9D5E-F7565CA16886}.Debug|Any CPU.ActiveCfg = Debug|Any CPU
		{F721C24F-162E-4505-9D5E-F7565CA16886}.Debug|Any CPU.Build.0 = Debug|Any CPU
		{F721C24F-162E-4505-9D5E-F7565CA16886}.Debug|ARM.ActiveCfg = Debug|Any CPU
		{F721C24F-162E-4505-9D5E-F7565CA16886}.Debug|x64.ActiveCfg = Debug|Any CPU
		{F721C24F-162E-4505-9D5E-F7565CA16886}.Debug|x86.ActiveCfg = Debug|Any CPU
		{F721C24F-162E-4505-9D5E-F7565CA16886}.Release|Any CPU.ActiveCfg = Release|Any CPU
		{F721C24F-162E-4505-9D5E-F7565CA16886}.Release|Any CPU.Build.0 = Release|Any CPU
		{F721C24F-162E-4505-9D5E-F7565CA16886}.Release|ARM.ActiveCfg = Release|Any CPU
		{F721C24F-162E-4505-9D5E-F7565CA16886}.Release|x64.ActiveCfg = Release|Any CPU
		{F721C24F-162E-4505-9D5E-F7565CA16886}.Release|x86.ActiveCfg = Release|Any CPU
		{9622FAF4-8CC8-406C-9F0E-8E20E568F71E}.Debug|Any CPU.ActiveCfg = Debug|Any CPU
		{9622FAF4-8CC8-406C-9F0E-8E20E568F71E}.Debug|Any CPU.Build.0 = Debug|Any CPU
		{9622FAF4-8CC8-406C-9F0E-8E20E568F71E}.Debug|ARM.ActiveCfg = Debug|Any CPU
		{9622FAF4-8CC8-406C-9F0E-8E20E568F71E}.Debug|x64.ActiveCfg = Debug|Any CPU
		{9622FAF4-8CC8-406C-9F0E-8E20E568F71E}.Debug|x86.ActiveCfg = Debug|Any CPU
		{9622FAF4-8CC8-406C-9F0E-8E20E568F71E}.Release|Any CPU.ActiveCfg = Release|Any CPU
		{9622FAF4-8CC8-406C-9F0E-8E20E568F71E}.Release|Any CPU.Build.0 = Release|Any CPU
		{9622FAF4-8CC8-406C-9F0E-8E20E568F71E}.Release|ARM.ActiveCfg = Release|Any CPU
		{9622FAF4-8CC8-406C-9F0E-8E20E568F71E}.Release|x64.ActiveCfg = Release|Any CPU
		{9622FAF4-8CC8-406C-9F0E-8E20E568F71E}.Release|x86.ActiveCfg = Release|Any CPU
		{564701B5-D8F3-4B69-981F-559F8867FB76}.Debug|Any CPU.ActiveCfg = Debug|Any CPU
		{564701B5-D8F3-4B69-981F-559F8867FB76}.Debug|Any CPU.Build.0 = Debug|Any CPU
		{564701B5-D8F3-4B69-981F-559F8867FB76}.Debug|ARM.ActiveCfg = Debug|Any CPU
		{564701B5-D8F3-4B69-981F-559F8867FB76}.Debug|x64.ActiveCfg = Debug|Any CPU
		{564701B5-D8F3-4B69-981F-559F8867FB76}.Debug|x86.ActiveCfg = Debug|Any CPU
		{564701B5-D8F3-4B69-981F-559F8867FB76}.Release|Any CPU.ActiveCfg = Release|Any CPU
		{564701B5-D8F3-4B69-981F-559F8867FB76}.Release|Any CPU.Build.0 = Release|Any CPU
		{564701B5-D8F3-4B69-981F-559F8867FB76}.Release|ARM.ActiveCfg = Release|Any CPU
		{564701B5-D8F3-4B69-981F-559F8867FB76}.Release|x64.ActiveCfg = Release|Any CPU
		{564701B5-D8F3-4B69-981F-559F8867FB76}.Release|x86.ActiveCfg = Release|Any CPU
		{F6F6B78C-3213-452C-834B-2D2C8AE69685}.Debug|Any CPU.ActiveCfg = Debug|Any CPU
		{F6F6B78C-3213-452C-834B-2D2C8AE69685}.Debug|Any CPU.Build.0 = Debug|Any CPU
		{F6F6B78C-3213-452C-834B-2D2C8AE69685}.Debug|ARM.ActiveCfg = Debug|Any CPU
		{F6F6B78C-3213-452C-834B-2D2C8AE69685}.Debug|x64.ActiveCfg = Debug|Any CPU
		{F6F6B78C-3213-452C-834B-2D2C8AE69685}.Debug|x86.ActiveCfg = Debug|Any CPU
		{F6F6B78C-3213-452C-834B-2D2C8AE69685}.Release|Any CPU.ActiveCfg = Release|Any CPU
		{F6F6B78C-3213-452C-834B-2D2C8AE69685}.Release|Any CPU.Build.0 = Release|Any CPU
		{F6F6B78C-3213-452C-834B-2D2C8AE69685}.Release|ARM.ActiveCfg = Release|Any CPU
		{F6F6B78C-3213-452C-834B-2D2C8AE69685}.Release|x64.ActiveCfg = Release|Any CPU
		{F6F6B78C-3213-452C-834B-2D2C8AE69685}.Release|x86.ActiveCfg = Release|Any CPU
		{07FEA184-BCE6-4224-A9D7-B8D3FF5BB439}.Debug|Any CPU.ActiveCfg = Debug|Any CPU
		{07FEA184-BCE6-4224-A9D7-B8D3FF5BB439}.Debug|Any CPU.Build.0 = Debug|Any CPU
		{07FEA184-BCE6-4224-A9D7-B8D3FF5BB439}.Debug|ARM.ActiveCfg = Debug|ARM
		{07FEA184-BCE6-4224-A9D7-B8D3FF5BB439}.Debug|ARM.Build.0 = Debug|ARM
		{07FEA184-BCE6-4224-A9D7-B8D3FF5BB439}.Debug|x64.ActiveCfg = Debug|x64
		{07FEA184-BCE6-4224-A9D7-B8D3FF5BB439}.Debug|x64.Build.0 = Debug|x64
		{07FEA184-BCE6-4224-A9D7-B8D3FF5BB439}.Debug|x86.ActiveCfg = Debug|x86
		{07FEA184-BCE6-4224-A9D7-B8D3FF5BB439}.Debug|x86.Build.0 = Debug|x86
		{07FEA184-BCE6-4224-A9D7-B8D3FF5BB439}.Release|Any CPU.ActiveCfg = Release|Any CPU
		{07FEA184-BCE6-4224-A9D7-B8D3FF5BB439}.Release|Any CPU.Build.0 = Release|Any CPU
		{07FEA184-BCE6-4224-A9D7-B8D3FF5BB439}.Release|ARM.ActiveCfg = Release|ARM
		{07FEA184-BCE6-4224-A9D7-B8D3FF5BB439}.Release|ARM.Build.0 = Release|ARM
		{07FEA184-BCE6-4224-A9D7-B8D3FF5BB439}.Release|x64.ActiveCfg = Release|x64
		{07FEA184-BCE6-4224-A9D7-B8D3FF5BB439}.Release|x64.Build.0 = Release|x64
		{07FEA184-BCE6-4224-A9D7-B8D3FF5BB439}.Release|x86.ActiveCfg = Release|x86
		{07FEA184-BCE6-4224-A9D7-B8D3FF5BB439}.Release|x86.Build.0 = Release|x86
		{37781B29-B70D-45AA-A762-F5A9C2BF79CF}.Debug|Any CPU.ActiveCfg = Debug|Any CPU
		{37781B29-B70D-45AA-A762-F5A9C2BF79CF}.Debug|Any CPU.Build.0 = Debug|Any CPU
		{37781B29-B70D-45AA-A762-F5A9C2BF79CF}.Debug|Any CPU.Deploy.0 = Debug|Any CPU
		{37781B29-B70D-45AA-A762-F5A9C2BF79CF}.Debug|ARM.ActiveCfg = Debug|ARM
		{37781B29-B70D-45AA-A762-F5A9C2BF79CF}.Debug|ARM.Build.0 = Debug|ARM
		{37781B29-B70D-45AA-A762-F5A9C2BF79CF}.Debug|ARM.Deploy.0 = Debug|ARM
		{37781B29-B70D-45AA-A762-F5A9C2BF79CF}.Debug|x64.ActiveCfg = Debug|x64
		{37781B29-B70D-45AA-A762-F5A9C2BF79CF}.Debug|x64.Build.0 = Debug|x64
		{37781B29-B70D-45AA-A762-F5A9C2BF79CF}.Debug|x64.Deploy.0 = Debug|x64
		{37781B29-B70D-45AA-A762-F5A9C2BF79CF}.Debug|x86.ActiveCfg = Debug|x86
		{37781B29-B70D-45AA-A762-F5A9C2BF79CF}.Debug|x86.Build.0 = Debug|x86
		{37781B29-B70D-45AA-A762-F5A9C2BF79CF}.Debug|x86.Deploy.0 = Debug|x86
		{37781B29-B70D-45AA-A762-F5A9C2BF79CF}.Release|Any CPU.ActiveCfg = Release|Any CPU
		{37781B29-B70D-45AA-A762-F5A9C2BF79CF}.Release|Any CPU.Build.0 = Release|Any CPU
		{37781B29-B70D-45AA-A762-F5A9C2BF79CF}.Release|Any CPU.Deploy.0 = Release|Any CPU
		{37781B29-B70D-45AA-A762-F5A9C2BF79CF}.Release|ARM.ActiveCfg = Release|ARM
		{37781B29-B70D-45AA-A762-F5A9C2BF79CF}.Release|ARM.Build.0 = Release|ARM
		{37781B29-B70D-45AA-A762-F5A9C2BF79CF}.Release|ARM.Deploy.0 = Release|ARM
		{37781B29-B70D-45AA-A762-F5A9C2BF79CF}.Release|x64.ActiveCfg = Release|x64
		{37781B29-B70D-45AA-A762-F5A9C2BF79CF}.Release|x64.Build.0 = Release|x64
		{37781B29-B70D-45AA-A762-F5A9C2BF79CF}.Release|x64.Deploy.0 = Release|x64
		{37781B29-B70D-45AA-A762-F5A9C2BF79CF}.Release|x86.ActiveCfg = Release|x86
		{37781B29-B70D-45AA-A762-F5A9C2BF79CF}.Release|x86.Build.0 = Release|x86
		{37781B29-B70D-45AA-A762-F5A9C2BF79CF}.Release|x86.Deploy.0 = Release|x86
		{DF0AFD90-F622-47FB-B50C-E4C91768F929}.Debug|Any CPU.ActiveCfg = Debug|Any CPU
		{DF0AFD90-F622-47FB-B50C-E4C91768F929}.Debug|Any CPU.Build.0 = Debug|Any CPU
		{DF0AFD90-F622-47FB-B50C-E4C91768F929}.Debug|Any CPU.Deploy.0 = Debug|Any CPU
		{DF0AFD90-F622-47FB-B50C-E4C91768F929}.Debug|ARM.ActiveCfg = Debug|ARM
		{DF0AFD90-F622-47FB-B50C-E4C91768F929}.Debug|ARM.Build.0 = Debug|ARM
		{DF0AFD90-F622-47FB-B50C-E4C91768F929}.Debug|ARM.Deploy.0 = Debug|ARM
		{DF0AFD90-F622-47FB-B50C-E4C91768F929}.Debug|x64.ActiveCfg = Debug|x64
		{DF0AFD90-F622-47FB-B50C-E4C91768F929}.Debug|x64.Build.0 = Debug|x64
		{DF0AFD90-F622-47FB-B50C-E4C91768F929}.Debug|x64.Deploy.0 = Debug|x64
		{DF0AFD90-F622-47FB-B50C-E4C91768F929}.Debug|x86.ActiveCfg = Debug|x86
		{DF0AFD90-F622-47FB-B50C-E4C91768F929}.Debug|x86.Build.0 = Debug|x86
		{DF0AFD90-F622-47FB-B50C-E4C91768F929}.Debug|x86.Deploy.0 = Debug|x86
		{DF0AFD90-F622-47FB-B50C-E4C91768F929}.Release|Any CPU.ActiveCfg = Release|Any CPU
		{DF0AFD90-F622-47FB-B50C-E4C91768F929}.Release|Any CPU.Build.0 = Release|Any CPU
		{DF0AFD90-F622-47FB-B50C-E4C91768F929}.Release|Any CPU.Deploy.0 = Release|Any CPU
		{DF0AFD90-F622-47FB-B50C-E4C91768F929}.Release|ARM.ActiveCfg = Release|ARM
		{DF0AFD90-F622-47FB-B50C-E4C91768F929}.Release|ARM.Build.0 = Release|ARM
		{DF0AFD90-F622-47FB-B50C-E4C91768F929}.Release|ARM.Deploy.0 = Release|ARM
		{DF0AFD90-F622-47FB-B50C-E4C91768F929}.Release|x64.ActiveCfg = Release|x64
		{DF0AFD90-F622-47FB-B50C-E4C91768F929}.Release|x64.Build.0 = Release|x64
		{DF0AFD90-F622-47FB-B50C-E4C91768F929}.Release|x64.Deploy.0 = Release|x64
		{DF0AFD90-F622-47FB-B50C-E4C91768F929}.Release|x86.ActiveCfg = Release|x86
		{DF0AFD90-F622-47FB-B50C-E4C91768F929}.Release|x86.Build.0 = Release|x86
		{DF0AFD90-F622-47FB-B50C-E4C91768F929}.Release|x86.Deploy.0 = Release|x86
		{FB5A0433-00DD-4FBF-9B0E-C0BEB889271E}.Debug|Any CPU.ActiveCfg = Debug|Any CPU
		{FB5A0433-00DD-4FBF-9B0E-C0BEB889271E}.Debug|Any CPU.Build.0 = Debug|Any CPU
		{FB5A0433-00DD-4FBF-9B0E-C0BEB889271E}.Debug|ARM.ActiveCfg = Debug|Any CPU
		{FB5A0433-00DD-4FBF-9B0E-C0BEB889271E}.Debug|x64.ActiveCfg = Debug|Any CPU
		{FB5A0433-00DD-4FBF-9B0E-C0BEB889271E}.Debug|x86.ActiveCfg = Debug|Any CPU
		{FB5A0433-00DD-4FBF-9B0E-C0BEB889271E}.Release|Any CPU.ActiveCfg = Release|Any CPU
		{FB5A0433-00DD-4FBF-9B0E-C0BEB889271E}.Release|Any CPU.Build.0 = Release|Any CPU
		{FB5A0433-00DD-4FBF-9B0E-C0BEB889271E}.Release|ARM.ActiveCfg = Release|Any CPU
		{FB5A0433-00DD-4FBF-9B0E-C0BEB889271E}.Release|x64.ActiveCfg = Release|Any CPU
		{FB5A0433-00DD-4FBF-9B0E-C0BEB889271E}.Release|x86.ActiveCfg = Release|Any CPU
		{ECF1997E-D465-47E4-8E62-AF52CCED3117}.Debug|Any CPU.ActiveCfg = Debug|Any CPU
		{ECF1997E-D465-47E4-8E62-AF52CCED3117}.Debug|Any CPU.Build.0 = Debug|Any CPU
		{ECF1997E-D465-47E4-8E62-AF52CCED3117}.Debug|ARM.ActiveCfg = Debug|Any CPU
		{ECF1997E-D465-47E4-8E62-AF52CCED3117}.Debug|x64.ActiveCfg = Debug|Any CPU
		{ECF1997E-D465-47E4-8E62-AF52CCED3117}.Debug|x86.ActiveCfg = Debug|Any CPU
		{ECF1997E-D465-47E4-8E62-AF52CCED3117}.Release|Any CPU.ActiveCfg = Release|Any CPU
		{ECF1997E-D465-47E4-8E62-AF52CCED3117}.Release|Any CPU.Build.0 = Release|Any CPU
		{ECF1997E-D465-47E4-8E62-AF52CCED3117}.Release|ARM.ActiveCfg = Release|Any CPU
		{ECF1997E-D465-47E4-8E62-AF52CCED3117}.Release|x64.ActiveCfg = Release|Any CPU
		{ECF1997E-D465-47E4-8E62-AF52CCED3117}.Release|x86.ActiveCfg = Release|Any CPU
		{73F9C944-A9B4-4A6D-B173-3FF8D873FD6E}.Debug|Any CPU.ActiveCfg = Debug|Any CPU
		{73F9C944-A9B4-4A6D-B173-3FF8D873FD6E}.Debug|Any CPU.Build.0 = Debug|Any CPU
		{73F9C944-A9B4-4A6D-B173-3FF8D873FD6E}.Debug|ARM.ActiveCfg = Debug|Any CPU
		{73F9C944-A9B4-4A6D-B173-3FF8D873FD6E}.Debug|x64.ActiveCfg = Debug|Any CPU
		{73F9C944-A9B4-4A6D-B173-3FF8D873FD6E}.Debug|x86.ActiveCfg = Debug|Any CPU
		{73F9C944-A9B4-4A6D-B173-3FF8D873FD6E}.Release|Any CPU.ActiveCfg = Release|Any CPU
		{73F9C944-A9B4-4A6D-B173-3FF8D873FD6E}.Release|Any CPU.Build.0 = Release|Any CPU
		{73F9C944-A9B4-4A6D-B173-3FF8D873FD6E}.Release|ARM.ActiveCfg = Release|Any CPU
		{73F9C944-A9B4-4A6D-B173-3FF8D873FD6E}.Release|x64.ActiveCfg = Release|Any CPU
		{73F9C944-A9B4-4A6D-B173-3FF8D873FD6E}.Release|x86.ActiveCfg = Release|Any CPU
		{F245BECA-86AD-48D8-AAE6-107F547BE7A2}.Debug|Any CPU.ActiveCfg = Debug|Any CPU
		{F245BECA-86AD-48D8-AAE6-107F547BE7A2}.Debug|Any CPU.Build.0 = Debug|Any CPU
		{F245BECA-86AD-48D8-AAE6-107F547BE7A2}.Debug|ARM.ActiveCfg = Debug|Any CPU
		{F245BECA-86AD-48D8-AAE6-107F547BE7A2}.Debug|x64.ActiveCfg = Debug|Any CPU
		{F245BECA-86AD-48D8-AAE6-107F547BE7A2}.Debug|x86.ActiveCfg = Debug|Any CPU
		{F245BECA-86AD-48D8-AAE6-107F547BE7A2}.Release|Any CPU.ActiveCfg = Release|Any CPU
		{F245BECA-86AD-48D8-AAE6-107F547BE7A2}.Release|Any CPU.Build.0 = Release|Any CPU
		{F245BECA-86AD-48D8-AAE6-107F547BE7A2}.Release|ARM.ActiveCfg = Release|Any CPU
		{F245BECA-86AD-48D8-AAE6-107F547BE7A2}.Release|x64.ActiveCfg = Release|Any CPU
		{F245BECA-86AD-48D8-AAE6-107F547BE7A2}.Release|x86.ActiveCfg = Release|Any CPU
		{31A8A022-ED83-43C9-AEB3-691A3CAD995D}.Debug|Any CPU.ActiveCfg = Debug|Any CPU
		{31A8A022-ED83-43C9-AEB3-691A3CAD995D}.Debug|Any CPU.Build.0 = Debug|Any CPU
		{31A8A022-ED83-43C9-AEB3-691A3CAD995D}.Debug|ARM.ActiveCfg = Debug|Any CPU
		{31A8A022-ED83-43C9-AEB3-691A3CAD995D}.Debug|x64.ActiveCfg = Debug|Any CPU
		{31A8A022-ED83-43C9-AEB3-691A3CAD995D}.Debug|x86.ActiveCfg = Debug|Any CPU
		{31A8A022-ED83-43C9-AEB3-691A3CAD995D}.Release|Any CPU.ActiveCfg = Release|Any CPU
		{31A8A022-ED83-43C9-AEB3-691A3CAD995D}.Release|Any CPU.Build.0 = Release|Any CPU
		{31A8A022-ED83-43C9-AEB3-691A3CAD995D}.Release|ARM.ActiveCfg = Release|Any CPU
		{31A8A022-ED83-43C9-AEB3-691A3CAD995D}.Release|x64.ActiveCfg = Release|Any CPU
		{31A8A022-ED83-43C9-AEB3-691A3CAD995D}.Release|x86.ActiveCfg = Release|Any CPU
		{195737FE-052F-47A6-9421-79411E5197D8}.Debug|Any CPU.ActiveCfg = Debug|Any CPU
		{195737FE-052F-47A6-9421-79411E5197D8}.Debug|Any CPU.Build.0 = Debug|Any CPU
		{195737FE-052F-47A6-9421-79411E5197D8}.Debug|ARM.ActiveCfg = Debug|Any CPU
		{195737FE-052F-47A6-9421-79411E5197D8}.Debug|x64.ActiveCfg = Debug|Any CPU
		{195737FE-052F-47A6-9421-79411E5197D8}.Debug|x86.ActiveCfg = Debug|Any CPU
		{195737FE-052F-47A6-9421-79411E5197D8}.Release|Any CPU.ActiveCfg = Release|Any CPU
		{195737FE-052F-47A6-9421-79411E5197D8}.Release|Any CPU.Build.0 = Release|Any CPU
		{195737FE-052F-47A6-9421-79411E5197D8}.Release|ARM.ActiveCfg = Release|Any CPU
		{195737FE-052F-47A6-9421-79411E5197D8}.Release|x64.ActiveCfg = Release|Any CPU
		{195737FE-052F-47A6-9421-79411E5197D8}.Release|x86.ActiveCfg = Release|Any CPU
		{543EC318-D547-4325-BF8D-4D79519B35E6}.Debug|Any CPU.ActiveCfg = Debug|Any CPU
		{543EC318-D547-4325-BF8D-4D79519B35E6}.Debug|Any CPU.Build.0 = Debug|Any CPU
		{543EC318-D547-4325-BF8D-4D79519B35E6}.Debug|ARM.ActiveCfg = Debug|Any CPU
		{543EC318-D547-4325-BF8D-4D79519B35E6}.Debug|x64.ActiveCfg = Debug|Any CPU
		{543EC318-D547-4325-BF8D-4D79519B35E6}.Debug|x86.ActiveCfg = Debug|Any CPU
		{543EC318-D547-4325-BF8D-4D79519B35E6}.Release|Any CPU.ActiveCfg = Release|Any CPU
		{543EC318-D547-4325-BF8D-4D79519B35E6}.Release|Any CPU.Build.0 = Release|Any CPU
		{543EC318-D547-4325-BF8D-4D79519B35E6}.Release|ARM.ActiveCfg = Release|Any CPU
		{543EC318-D547-4325-BF8D-4D79519B35E6}.Release|x64.ActiveCfg = Release|Any CPU
		{543EC318-D547-4325-BF8D-4D79519B35E6}.Release|x86.ActiveCfg = Release|Any CPU
		{BC0E74F4-F02A-45FF-B1A0-AF91BCC7F7D4}.Debug|Any CPU.ActiveCfg = Debug|Any CPU
		{BC0E74F4-F02A-45FF-B1A0-AF91BCC7F7D4}.Debug|Any CPU.Build.0 = Debug|Any CPU
		{BC0E74F4-F02A-45FF-B1A0-AF91BCC7F7D4}.Debug|ARM.ActiveCfg = Debug|Any CPU
		{BC0E74F4-F02A-45FF-B1A0-AF91BCC7F7D4}.Debug|x64.ActiveCfg = Debug|Any CPU
		{BC0E74F4-F02A-45FF-B1A0-AF91BCC7F7D4}.Debug|x86.ActiveCfg = Debug|Any CPU
		{BC0E74F4-F02A-45FF-B1A0-AF91BCC7F7D4}.Release|Any CPU.ActiveCfg = Release|Any CPU
		{BC0E74F4-F02A-45FF-B1A0-AF91BCC7F7D4}.Release|Any CPU.Build.0 = Release|Any CPU
		{BC0E74F4-F02A-45FF-B1A0-AF91BCC7F7D4}.Release|ARM.ActiveCfg = Release|Any CPU
		{BC0E74F4-F02A-45FF-B1A0-AF91BCC7F7D4}.Release|x64.ActiveCfg = Release|Any CPU
		{BC0E74F4-F02A-45FF-B1A0-AF91BCC7F7D4}.Release|x86.ActiveCfg = Release|Any CPU
		{3CB22CEE-3D68-4BA4-9542-1A6630D6CB59}.Debug|Any CPU.ActiveCfg = Debug|Any CPU
		{3CB22CEE-3D68-4BA4-9542-1A6630D6CB59}.Debug|Any CPU.Build.0 = Debug|Any CPU
		{3CB22CEE-3D68-4BA4-9542-1A6630D6CB59}.Debug|Any CPU.Deploy.0 = Debug|Any CPU
		{3CB22CEE-3D68-4BA4-9542-1A6630D6CB59}.Debug|ARM.ActiveCfg = Debug|ARM
		{3CB22CEE-3D68-4BA4-9542-1A6630D6CB59}.Debug|ARM.Build.0 = Debug|ARM
		{3CB22CEE-3D68-4BA4-9542-1A6630D6CB59}.Debug|ARM.Deploy.0 = Debug|ARM
		{3CB22CEE-3D68-4BA4-9542-1A6630D6CB59}.Debug|x64.ActiveCfg = Debug|x64
		{3CB22CEE-3D68-4BA4-9542-1A6630D6CB59}.Debug|x64.Build.0 = Debug|x64
		{3CB22CEE-3D68-4BA4-9542-1A6630D6CB59}.Debug|x64.Deploy.0 = Debug|x64
		{3CB22CEE-3D68-4BA4-9542-1A6630D6CB59}.Debug|x86.ActiveCfg = Debug|x86
		{3CB22CEE-3D68-4BA4-9542-1A6630D6CB59}.Debug|x86.Build.0 = Debug|x86
		{3CB22CEE-3D68-4BA4-9542-1A6630D6CB59}.Debug|x86.Deploy.0 = Debug|x86
		{3CB22CEE-3D68-4BA4-9542-1A6630D6CB59}.Release|Any CPU.ActiveCfg = Release|Any CPU
		{3CB22CEE-3D68-4BA4-9542-1A6630D6CB59}.Release|Any CPU.Build.0 = Release|Any CPU
		{3CB22CEE-3D68-4BA4-9542-1A6630D6CB59}.Release|Any CPU.Deploy.0 = Release|Any CPU
		{3CB22CEE-3D68-4BA4-9542-1A6630D6CB59}.Release|ARM.ActiveCfg = Release|ARM
		{3CB22CEE-3D68-4BA4-9542-1A6630D6CB59}.Release|ARM.Build.0 = Release|ARM
		{3CB22CEE-3D68-4BA4-9542-1A6630D6CB59}.Release|ARM.Deploy.0 = Release|ARM
		{3CB22CEE-3D68-4BA4-9542-1A6630D6CB59}.Release|x64.ActiveCfg = Release|x64
		{3CB22CEE-3D68-4BA4-9542-1A6630D6CB59}.Release|x64.Build.0 = Release|x64
		{3CB22CEE-3D68-4BA4-9542-1A6630D6CB59}.Release|x64.Deploy.0 = Release|x64
		{3CB22CEE-3D68-4BA4-9542-1A6630D6CB59}.Release|x86.ActiveCfg = Release|x86
		{3CB22CEE-3D68-4BA4-9542-1A6630D6CB59}.Release|x86.Build.0 = Release|x86
		{3CB22CEE-3D68-4BA4-9542-1A6630D6CB59}.Release|x86.Deploy.0 = Release|x86
	EndGlobalSection
	GlobalSection(SolutionProperties) = preSolution
		HideSolutionNode = FALSE
	EndGlobalSection
	GlobalSection(NestedProjects) = preSolution
		{F721C24F-162E-4505-9D5E-F7565CA16886} = {2F6DAB03-ECF3-4811-BEF4-FC2C8A6451DE}
		{9622FAF4-8CC8-406C-9F0E-8E20E568F71E} = {2F6DAB03-ECF3-4811-BEF4-FC2C8A6451DE}
		{31A8A022-ED83-43C9-AEB3-691A3CAD995D} = {2F6DAB03-ECF3-4811-BEF4-FC2C8A6451DE}
		{195737FE-052F-47A6-9421-79411E5197D8} = {2F6DAB03-ECF3-4811-BEF4-FC2C8A6451DE}
		{564701B5-D8F3-4B69-981F-559F8867FB76} = {14C7D3EC-DE4D-4573-9F49-4FF9422D6C9B}
		{FB5A0433-00DD-4FBF-9B0E-C0BEB889271E} = {14C7D3EC-DE4D-4573-9F49-4FF9422D6C9B}
		{ECF1997E-D465-47E4-8E62-AF52CCED3117} = {14C7D3EC-DE4D-4573-9F49-4FF9422D6C9B}
		{BC0E74F4-F02A-45FF-B1A0-AF91BCC7F7D4} = {14C7D3EC-DE4D-4573-9F49-4FF9422D6C9B}
		{F6F6B78C-3213-452C-834B-2D2C8AE69685} = {06E2BB5F-880E-40A4-9276-BD76246E4296}
		{73F9C944-A9B4-4A6D-B173-3FF8D873FD6E} = {06E2BB5F-880E-40A4-9276-BD76246E4296}
		{F245BECA-86AD-48D8-AAE6-107F547BE7A2} = {06E2BB5F-880E-40A4-9276-BD76246E4296}
		{543EC318-D547-4325-BF8D-4D79519B35E6} = {06E2BB5F-880E-40A4-9276-BD76246E4296}
		{07FEA184-BCE6-4224-A9D7-B8D3FF5BB439} = {21F9B70E-0D69-43C4-B913-9D21DD9020A9}
		{37781B29-B70D-45AA-A762-F5A9C2BF79CF} = {21F9B70E-0D69-43C4-B913-9D21DD9020A9}
		{DF0AFD90-F622-47FB-B50C-E4C91768F929} = {21F9B70E-0D69-43C4-B913-9D21DD9020A9}
		{3CB22CEE-3D68-4BA4-9542-1A6630D6CB59} = {21F9B70E-0D69-43C4-B913-9D21DD9020A9}
	EndGlobalSection
EndGlobal
