
Microsoft Visual Studio Solution File, Format Version 12.00
# Visual Studio 2012
Project("{2150E333-8FDC-42A3-9474-1A3956D46DE8}") = "Solution Items", "Solution Items", "{785379EB-A911-4A49-986E-96DD4756B3FA}"
	ProjectSection(SolutionItems) = preProject
		SharedAssemblyInfo.cs = SharedAssemblyInfo.cs
	EndProjectSection
EndProject
Project("{FAE04EC0-301F-11D3-BF4B-00C04F79EFBC}") = "MyCouch.Net45", "Projects\MyCouch.Net45\MyCouch.Net45.csproj", "{564701B5-D8F3-4B69-981F-559F8867FB76}"
EndProject
Project("{FAE04EC0-301F-11D3-BF4B-00C04F79EFBC}") = "MyCouch.Net40", "Projects\MyCouch.Net40\MyCouch.Net40.csproj", "{F6F6B78C-3213-452C-834B-2D2C8AE69685}"
EndProject
Project("{2150E333-8FDC-42A3-9474-1A3956D46DE8}") = "Net40", "Net40", "{06E2BB5F-880E-40A4-9276-BD76246E4296}"
EndProject
Project("{2150E333-8FDC-42A3-9474-1A3956D46DE8}") = "Net45", "Net45", "{14C7D3EC-DE4D-4573-9F49-4FF9422D6C9B}"
EndProject
Project("{2150E333-8FDC-42A3-9474-1A3956D46DE8}") = "NetCore45", "NetCore45", "{21F9B70E-0D69-43C4-B913-9D21DD9020A9}"
EndProject
Project("{FAE04EC0-301F-11D3-BF4B-00C04F79EFBC}") = "MyCouch.NetCore45", "Projects\MyCouch.NetCore45\MyCouch.NetCore45.csproj", "{07FEA184-BCE6-4224-A9D7-B8D3FF5BB439}"
EndProject
Project("{FAE04EC0-301F-11D3-BF4B-00C04F79EFBC}") = "MyCouch.Net45.Testing", "Tests\MyCouch.Net45.Testing\MyCouch.Net45.Testing.csproj", "{ADC6AC03-747D-444C-A204-CAB1624429C7}"
EndProject
Project("{FAE04EC0-301F-11D3-BF4B-00C04F79EFBC}") = "MyCouch.Net45.UnitTests", "Tests\MyCouch.Net45.UnitTests\MyCouch.Net45.UnitTests.csproj", "{05FDBAC1-22F3-4715-AE53-25E5B7C5482E}"
EndProject
Project("{FAE04EC0-301F-11D3-BF4B-00C04F79EFBC}") = "MyCouch.Net40.Testing", "Tests\MyCouch.Net40.Testing\MyCouch.Net40.Testing.csproj", "{DD577175-035C-49D5-A8C8-E57AB2D87E16}"
EndProject
Project("{FAE04EC0-301F-11D3-BF4B-00C04F79EFBC}") = "MyCouch.Net40.UnitTests", "Tests\MyCouch.Net40.UnitTests\MyCouch.Net40.UnitTests.csproj", "{32175596-27D0-40B2-A036-2C49492686C4}"
EndProject
Project("{FAE04EC0-301F-11D3-BF4B-00C04F79EFBC}") = "MyCouch.NetCore45.UnitTests", "Tests\MyCouch.NetCore45.UnitTests\MyCouch.NetCore45.UnitTests.csproj", "{2D5A620A-FD35-44D0-AFAD-F239CECBAEFE}"
EndProject
Project("{FAE04EC0-301F-11D3-BF4B-00C04F79EFBC}") = "MyCouch.NetCore45.Testing", "Tests\MyCouch.NetCore45.Testing\MyCouch.NetCore45.Testing.csproj", "{A47B5C4D-01BE-4C95-9896-1B0A984879AE}"
EndProject
Project("{FAE04EC0-301F-11D3-BF4B-00C04F79EFBC}") = "MyCouch.Net45.IntegrationTests", "Tests\MyCouch.Net45.IntegrationTests\MyCouch.Net45.IntegrationTests.csproj", "{6E813BFB-7B00-4E63-B5FF-17B636387B87}"
EndProject
Project("{FAE04EC0-301F-11D3-BF4B-00C04F79EFBC}") = "MyCouch.Net40.IntegrationTests", "Tests\MyCouch.Net40.IntegrationTests\MyCouch.Net40.IntegrationTests.csproj", "{86BA7957-9CF0-44BD-83F6-0BC71953BCCC}"
EndProject
Project("{FAE04EC0-301F-11D3-BF4B-00C04F79EFBC}") = "MyCouch.NetCore45.IntegrationTests", "Tests\MyCouch.NetCore45.IntegrationTests\MyCouch.NetCore45.IntegrationTests.csproj", "{11A46453-9068-48AF-8251-F47DE632A3BB}"
EndProject
Project("{FAE04EC0-301F-11D3-BF4B-00C04F79EFBC}") = "MyCouch.Cloudant.Net40", "Projects\MyCouch.Cloudant.Net40\MyCouch.Cloudant.Net40.csproj", "{510861CB-11B9-47C9-8EF3-4A1A2A8222C3}"
EndProject
Project("{FAE04EC0-301F-11D3-BF4B-00C04F79EFBC}") = "MyCouch.Cloudant.Net45", "Projects\MyCouch.Cloudant.Net45\MyCouch.Cloudant.Net45.csproj", "{FB7CD2AF-DDC5-44C6-8467-E3DBD1EEC417}"
EndProject
Project("{FAE04EC0-301F-11D3-BF4B-00C04F79EFBC}") = "MyCouch.Cloudant.NetCore45", "Projects\MyCouch.Cloudant.NetCore45\MyCouch.Cloudant.NetCore45.csproj", "{850B3C7A-8885-4CCB-AE30-814140F019D2}"
EndProject
Global
	GlobalSection(SolutionConfigurationPlatforms) = preSolution
		Debug|Any CPU = Debug|Any CPU
		Debug|ARM = Debug|ARM
		Debug|x64 = Debug|x64
		Debug|x86 = Debug|x86
		Release|Any CPU = Release|Any CPU
		Release|ARM = Release|ARM
		Release|x64 = Release|x64
		Release|x86 = Release|x86
	EndGlobalSection
	GlobalSection(ProjectConfigurationPlatforms) = postSolution
		{564701B5-D8F3-4B69-981F-559F8867FB76}.Debug|Any CPU.ActiveCfg = Debug|Any CPU
		{564701B5-D8F3-4B69-981F-559F8867FB76}.Debug|Any CPU.Build.0 = Debug|Any CPU
		{564701B5-D8F3-4B69-981F-559F8867FB76}.Debug|ARM.ActiveCfg = Debug|Any CPU
		{564701B5-D8F3-4B69-981F-559F8867FB76}.Debug|x64.ActiveCfg = Debug|Any CPU
		{564701B5-D8F3-4B69-981F-559F8867FB76}.Debug|x86.ActiveCfg = Debug|Any CPU
		{564701B5-D8F3-4B69-981F-559F8867FB76}.Release|Any CPU.ActiveCfg = Release|Any CPU
		{564701B5-D8F3-4B69-981F-559F8867FB76}.Release|Any CPU.Build.0 = Release|Any CPU
		{564701B5-D8F3-4B69-981F-559F8867FB76}.Release|ARM.ActiveCfg = Release|Any CPU
		{564701B5-D8F3-4B69-981F-559F8867FB76}.Release|x64.ActiveCfg = Release|Any CPU
		{564701B5-D8F3-4B69-981F-559F8867FB76}.Release|x86.ActiveCfg = Release|Any CPU
		{F6F6B78C-3213-452C-834B-2D2C8AE69685}.Debug|Any CPU.ActiveCfg = Debug|Any CPU
		{F6F6B78C-3213-452C-834B-2D2C8AE69685}.Debug|Any CPU.Build.0 = Debug|Any CPU
		{F6F6B78C-3213-452C-834B-2D2C8AE69685}.Debug|ARM.ActiveCfg = Debug|Any CPU
		{F6F6B78C-3213-452C-834B-2D2C8AE69685}.Debug|x64.ActiveCfg = Debug|Any CPU
		{F6F6B78C-3213-452C-834B-2D2C8AE69685}.Debug|x86.ActiveCfg = Debug|Any CPU
		{F6F6B78C-3213-452C-834B-2D2C8AE69685}.Release|Any CPU.ActiveCfg = Release|Any CPU
		{F6F6B78C-3213-452C-834B-2D2C8AE69685}.Release|Any CPU.Build.0 = Release|Any CPU
		{F6F6B78C-3213-452C-834B-2D2C8AE69685}.Release|ARM.ActiveCfg = Release|Any CPU
		{F6F6B78C-3213-452C-834B-2D2C8AE69685}.Release|x64.ActiveCfg = Release|Any CPU
		{F6F6B78C-3213-452C-834B-2D2C8AE69685}.Release|x86.ActiveCfg = Release|Any CPU
		{07FEA184-BCE6-4224-A9D7-B8D3FF5BB439}.Debug|Any CPU.ActiveCfg = Debug|Any CPU
		{07FEA184-BCE6-4224-A9D7-B8D3FF5BB439}.Debug|Any CPU.Build.0 = Debug|Any CPU
		{07FEA184-BCE6-4224-A9D7-B8D3FF5BB439}.Debug|ARM.ActiveCfg = Debug|ARM
		{07FEA184-BCE6-4224-A9D7-B8D3FF5BB439}.Debug|ARM.Build.0 = Debug|ARM
		{07FEA184-BCE6-4224-A9D7-B8D3FF5BB439}.Debug|x64.ActiveCfg = Debug|x64
		{07FEA184-BCE6-4224-A9D7-B8D3FF5BB439}.Debug|x64.Build.0 = Debug|x64
		{07FEA184-BCE6-4224-A9D7-B8D3FF5BB439}.Debug|x86.ActiveCfg = Debug|x86
		{07FEA184-BCE6-4224-A9D7-B8D3FF5BB439}.Debug|x86.Build.0 = Debug|x86
		{07FEA184-BCE6-4224-A9D7-B8D3FF5BB439}.Release|Any CPU.ActiveCfg = Release|Any CPU
		{07FEA184-BCE6-4224-A9D7-B8D3FF5BB439}.Release|Any CPU.Build.0 = Release|Any CPU
		{07FEA184-BCE6-4224-A9D7-B8D3FF5BB439}.Release|ARM.ActiveCfg = Release|ARM
		{07FEA184-BCE6-4224-A9D7-B8D3FF5BB439}.Release|ARM.Build.0 = Release|ARM
		{07FEA184-BCE6-4224-A9D7-B8D3FF5BB439}.Release|x64.ActiveCfg = Release|x64
		{07FEA184-BCE6-4224-A9D7-B8D3FF5BB439}.Release|x64.Build.0 = Release|x64
		{07FEA184-BCE6-4224-A9D7-B8D3FF5BB439}.Release|x86.ActiveCfg = Release|x86
		{07FEA184-BCE6-4224-A9D7-B8D3FF5BB439}.Release|x86.Build.0 = Release|x86
		{ADC6AC03-747D-444C-A204-CAB1624429C7}.Debug|Any CPU.ActiveCfg = Debug|Any CPU
		{ADC6AC03-747D-444C-A204-CAB1624429C7}.Debug|Any CPU.Build.0 = Debug|Any CPU
		{ADC6AC03-747D-444C-A204-CAB1624429C7}.Debug|ARM.ActiveCfg = Debug|Any CPU
		{ADC6AC03-747D-444C-A204-CAB1624429C7}.Debug|x64.ActiveCfg = Debug|Any CPU
		{ADC6AC03-747D-444C-A204-CAB1624429C7}.Debug|x86.ActiveCfg = Debug|Any CPU
		{ADC6AC03-747D-444C-A204-CAB1624429C7}.Release|Any CPU.ActiveCfg = Release|Any CPU
		{ADC6AC03-747D-444C-A204-CAB1624429C7}.Release|Any CPU.Build.0 = Release|Any CPU
		{ADC6AC03-747D-444C-A204-CAB1624429C7}.Release|ARM.ActiveCfg = Release|Any CPU
		{ADC6AC03-747D-444C-A204-CAB1624429C7}.Release|x64.ActiveCfg = Release|Any CPU
		{ADC6AC03-747D-444C-A204-CAB1624429C7}.Release|x86.ActiveCfg = Release|Any CPU
		{05FDBAC1-22F3-4715-AE53-25E5B7C5482E}.Debug|Any CPU.ActiveCfg = Debug|Any CPU
		{05FDBAC1-22F3-4715-AE53-25E5B7C5482E}.Debug|Any CPU.Build.0 = Debug|Any CPU
		{05FDBAC1-22F3-4715-AE53-25E5B7C5482E}.Debug|ARM.ActiveCfg = Debug|Any CPU
		{05FDBAC1-22F3-4715-AE53-25E5B7C5482E}.Debug|x64.ActiveCfg = Debug|Any CPU
		{05FDBAC1-22F3-4715-AE53-25E5B7C5482E}.Debug|x86.ActiveCfg = Debug|Any CPU
		{05FDBAC1-22F3-4715-AE53-25E5B7C5482E}.Release|Any CPU.ActiveCfg = Release|Any CPU
		{05FDBAC1-22F3-4715-AE53-25E5B7C5482E}.Release|Any CPU.Build.0 = Release|Any CPU
		{05FDBAC1-22F3-4715-AE53-25E5B7C5482E}.Release|ARM.ActiveCfg = Release|Any CPU
		{05FDBAC1-22F3-4715-AE53-25E5B7C5482E}.Release|x64.ActiveCfg = Release|Any CPU
		{05FDBAC1-22F3-4715-AE53-25E5B7C5482E}.Release|x86.ActiveCfg = Release|Any CPU
		{DD577175-035C-49D5-A8C8-E57AB2D87E16}.Debug|Any CPU.ActiveCfg = Debug|Any CPU
		{DD577175-035C-49D5-A8C8-E57AB2D87E16}.Debug|Any CPU.Build.0 = Debug|Any CPU
		{DD577175-035C-49D5-A8C8-E57AB2D87E16}.Debug|ARM.ActiveCfg = Debug|Any CPU
		{DD577175-035C-49D5-A8C8-E57AB2D87E16}.Debug|x64.ActiveCfg = Debug|Any CPU
		{DD577175-035C-49D5-A8C8-E57AB2D87E16}.Debug|x86.ActiveCfg = Debug|Any CPU
		{DD577175-035C-49D5-A8C8-E57AB2D87E16}.Release|Any CPU.ActiveCfg = Release|Any CPU
		{DD577175-035C-49D5-A8C8-E57AB2D87E16}.Release|Any CPU.Build.0 = Release|Any CPU
		{DD577175-035C-49D5-A8C8-E57AB2D87E16}.Release|ARM.ActiveCfg = Release|Any CPU
		{DD577175-035C-49D5-A8C8-E57AB2D87E16}.Release|x64.ActiveCfg = Release|Any CPU
		{DD577175-035C-49D5-A8C8-E57AB2D87E16}.Release|x86.ActiveCfg = Release|Any CPU
		{32175596-27D0-40B2-A036-2C49492686C4}.Debug|Any CPU.ActiveCfg = Debug|Any CPU
		{32175596-27D0-40B2-A036-2C49492686C4}.Debug|Any CPU.Build.0 = Debug|Any CPU
		{32175596-27D0-40B2-A036-2C49492686C4}.Debug|ARM.ActiveCfg = Debug|Any CPU
		{32175596-27D0-40B2-A036-2C49492686C4}.Debug|x64.ActiveCfg = Debug|Any CPU
		{32175596-27D0-40B2-A036-2C49492686C4}.Debug|x86.ActiveCfg = Debug|Any CPU
		{32175596-27D0-40B2-A036-2C49492686C4}.Release|Any CPU.ActiveCfg = Release|Any CPU
		{32175596-27D0-40B2-A036-2C49492686C4}.Release|Any CPU.Build.0 = Release|Any CPU
		{32175596-27D0-40B2-A036-2C49492686C4}.Release|ARM.ActiveCfg = Release|Any CPU
		{32175596-27D0-40B2-A036-2C49492686C4}.Release|x64.ActiveCfg = Release|Any CPU
		{32175596-27D0-40B2-A036-2C49492686C4}.Release|x86.ActiveCfg = Release|Any CPU
		{2D5A620A-FD35-44D0-AFAD-F239CECBAEFE}.Debug|Any CPU.ActiveCfg = Debug|Any CPU
		{2D5A620A-FD35-44D0-AFAD-F239CECBAEFE}.Debug|Any CPU.Build.0 = Debug|Any CPU
		{2D5A620A-FD35-44D0-AFAD-F239CECBAEFE}.Debug|Any CPU.Deploy.0 = Debug|Any CPU
		{2D5A620A-FD35-44D0-AFAD-F239CECBAEFE}.Debug|ARM.ActiveCfg = Debug|ARM
		{2D5A620A-FD35-44D0-AFAD-F239CECBAEFE}.Debug|ARM.Build.0 = Debug|ARM
		{2D5A620A-FD35-44D0-AFAD-F239CECBAEFE}.Debug|ARM.Deploy.0 = Debug|ARM
		{2D5A620A-FD35-44D0-AFAD-F239CECBAEFE}.Debug|x64.ActiveCfg = Debug|x64
		{2D5A620A-FD35-44D0-AFAD-F239CECBAEFE}.Debug|x64.Build.0 = Debug|x64
		{2D5A620A-FD35-44D0-AFAD-F239CECBAEFE}.Debug|x64.Deploy.0 = Debug|x64
		{2D5A620A-FD35-44D0-AFAD-F239CECBAEFE}.Debug|x86.ActiveCfg = Debug|x86
		{2D5A620A-FD35-44D0-AFAD-F239CECBAEFE}.Debug|x86.Build.0 = Debug|x86
		{2D5A620A-FD35-44D0-AFAD-F239CECBAEFE}.Debug|x86.Deploy.0 = Debug|x86
		{2D5A620A-FD35-44D0-AFAD-F239CECBAEFE}.Release|Any CPU.ActiveCfg = Release|Any CPU
		{2D5A620A-FD35-44D0-AFAD-F239CECBAEFE}.Release|Any CPU.Build.0 = Release|Any CPU
		{2D5A620A-FD35-44D0-AFAD-F239CECBAEFE}.Release|Any CPU.Deploy.0 = Release|Any CPU
		{2D5A620A-FD35-44D0-AFAD-F239CECBAEFE}.Release|ARM.ActiveCfg = Release|ARM
		{2D5A620A-FD35-44D0-AFAD-F239CECBAEFE}.Release|ARM.Build.0 = Release|ARM
		{2D5A620A-FD35-44D0-AFAD-F239CECBAEFE}.Release|ARM.Deploy.0 = Release|ARM
		{2D5A620A-FD35-44D0-AFAD-F239CECBAEFE}.Release|x64.ActiveCfg = Release|x64
		{2D5A620A-FD35-44D0-AFAD-F239CECBAEFE}.Release|x64.Build.0 = Release|x64
		{2D5A620A-FD35-44D0-AFAD-F239CECBAEFE}.Release|x64.Deploy.0 = Release|x64
		{2D5A620A-FD35-44D0-AFAD-F239CECBAEFE}.Release|x86.ActiveCfg = Release|x86
		{2D5A620A-FD35-44D0-AFAD-F239CECBAEFE}.Release|x86.Build.0 = Release|x86
		{2D5A620A-FD35-44D0-AFAD-F239CECBAEFE}.Release|x86.Deploy.0 = Release|x86
		{A47B5C4D-01BE-4C95-9896-1B0A984879AE}.Debug|Any CPU.ActiveCfg = Debug|Any CPU
		{A47B5C4D-01BE-4C95-9896-1B0A984879AE}.Debug|Any CPU.Build.0 = Debug|Any CPU
		{A47B5C4D-01BE-4C95-9896-1B0A984879AE}.Debug|ARM.ActiveCfg = Debug|ARM
		{A47B5C4D-01BE-4C95-9896-1B0A984879AE}.Debug|ARM.Build.0 = Debug|ARM
		{A47B5C4D-01BE-4C95-9896-1B0A984879AE}.Debug|x64.ActiveCfg = Debug|x64
		{A47B5C4D-01BE-4C95-9896-1B0A984879AE}.Debug|x64.Build.0 = Debug|x64
		{A47B5C4D-01BE-4C95-9896-1B0A984879AE}.Debug|x86.ActiveCfg = Debug|x86
		{A47B5C4D-01BE-4C95-9896-1B0A984879AE}.Debug|x86.Build.0 = Debug|x86
		{A47B5C4D-01BE-4C95-9896-1B0A984879AE}.Release|Any CPU.ActiveCfg = Release|Any CPU
		{A47B5C4D-01BE-4C95-9896-1B0A984879AE}.Release|Any CPU.Build.0 = Release|Any CPU
		{A47B5C4D-01BE-4C95-9896-1B0A984879AE}.Release|ARM.ActiveCfg = Release|ARM
		{A47B5C4D-01BE-4C95-9896-1B0A984879AE}.Release|ARM.Build.0 = Release|ARM
		{A47B5C4D-01BE-4C95-9896-1B0A984879AE}.Release|x64.ActiveCfg = Release|x64
		{A47B5C4D-01BE-4C95-9896-1B0A984879AE}.Release|x64.Build.0 = Release|x64
		{A47B5C4D-01BE-4C95-9896-1B0A984879AE}.Release|x86.ActiveCfg = Release|x86
		{A47B5C4D-01BE-4C95-9896-1B0A984879AE}.Release|x86.Build.0 = Release|x86
		{6E813BFB-7B00-4E63-B5FF-17B636387B87}.Debug|Any CPU.ActiveCfg = Debug|Any CPU
		{6E813BFB-7B00-4E63-B5FF-17B636387B87}.Debug|Any CPU.Build.0 = Debug|Any CPU
		{6E813BFB-7B00-4E63-B5FF-17B636387B87}.Debug|ARM.ActiveCfg = Debug|Any CPU
		{6E813BFB-7B00-4E63-B5FF-17B636387B87}.Debug|x64.ActiveCfg = Debug|Any CPU
		{6E813BFB-7B00-4E63-B5FF-17B636387B87}.Debug|x86.ActiveCfg = Debug|Any CPU
		{6E813BFB-7B00-4E63-B5FF-17B636387B87}.Release|Any CPU.ActiveCfg = Release|Any CPU
		{6E813BFB-7B00-4E63-B5FF-17B636387B87}.Release|Any CPU.Build.0 = Release|Any CPU
		{6E813BFB-7B00-4E63-B5FF-17B636387B87}.Release|ARM.ActiveCfg = Release|Any CPU
		{6E813BFB-7B00-4E63-B5FF-17B636387B87}.Release|x64.ActiveCfg = Release|Any CPU
		{6E813BFB-7B00-4E63-B5FF-17B636387B87}.Release|x86.ActiveCfg = Release|Any CPU
		{86BA7957-9CF0-44BD-83F6-0BC71953BCCC}.Debug|Any CPU.ActiveCfg = Debug|Any CPU
		{86BA7957-9CF0-44BD-83F6-0BC71953BCCC}.Debug|Any CPU.Build.0 = Debug|Any CPU
		{86BA7957-9CF0-44BD-83F6-0BC71953BCCC}.Debug|ARM.ActiveCfg = Debug|Any CPU
		{86BA7957-9CF0-44BD-83F6-0BC71953BCCC}.Debug|x64.ActiveCfg = Debug|Any CPU
		{86BA7957-9CF0-44BD-83F6-0BC71953BCCC}.Debug|x86.ActiveCfg = Debug|Any CPU
		{86BA7957-9CF0-44BD-83F6-0BC71953BCCC}.Release|Any CPU.ActiveCfg = Release|Any CPU
		{86BA7957-9CF0-44BD-83F6-0BC71953BCCC}.Release|Any CPU.Build.0 = Release|Any CPU
		{86BA7957-9CF0-44BD-83F6-0BC71953BCCC}.Release|ARM.ActiveCfg = Release|Any CPU
		{86BA7957-9CF0-44BD-83F6-0BC71953BCCC}.Release|x64.ActiveCfg = Release|Any CPU
		{86BA7957-9CF0-44BD-83F6-0BC71953BCCC}.Release|x86.ActiveCfg = Release|Any CPU
		{11A46453-9068-48AF-8251-F47DE632A3BB}.Debug|Any CPU.ActiveCfg = Debug|Any CPU
		{11A46453-9068-48AF-8251-F47DE632A3BB}.Debug|Any CPU.Build.0 = Debug|Any CPU
		{11A46453-9068-48AF-8251-F47DE632A3BB}.Debug|Any CPU.Deploy.0 = Debug|Any CPU
		{11A46453-9068-48AF-8251-F47DE632A3BB}.Debug|ARM.ActiveCfg = Debug|ARM
		{11A46453-9068-48AF-8251-F47DE632A3BB}.Debug|ARM.Build.0 = Debug|ARM
		{11A46453-9068-48AF-8251-F47DE632A3BB}.Debug|ARM.Deploy.0 = Debug|ARM
		{11A46453-9068-48AF-8251-F47DE632A3BB}.Debug|x64.ActiveCfg = Debug|x64
		{11A46453-9068-48AF-8251-F47DE632A3BB}.Debug|x64.Build.0 = Debug|x64
		{11A46453-9068-48AF-8251-F47DE632A3BB}.Debug|x64.Deploy.0 = Debug|x64
		{11A46453-9068-48AF-8251-F47DE632A3BB}.Debug|x86.ActiveCfg = Debug|x86
		{11A46453-9068-48AF-8251-F47DE632A3BB}.Debug|x86.Build.0 = Debug|x86
		{11A46453-9068-48AF-8251-F47DE632A3BB}.Debug|x86.Deploy.0 = Debug|x86
		{11A46453-9068-48AF-8251-F47DE632A3BB}.Release|Any CPU.ActiveCfg = Release|Any CPU
		{11A46453-9068-48AF-8251-F47DE632A3BB}.Release|Any CPU.Build.0 = Release|Any CPU
		{11A46453-9068-48AF-8251-F47DE632A3BB}.Release|Any CPU.Deploy.0 = Release|Any CPU
		{11A46453-9068-48AF-8251-F47DE632A3BB}.Release|ARM.ActiveCfg = Release|ARM
		{11A46453-9068-48AF-8251-F47DE632A3BB}.Release|ARM.Build.0 = Release|ARM
		{11A46453-9068-48AF-8251-F47DE632A3BB}.Release|ARM.Deploy.0 = Release|ARM
		{11A46453-9068-48AF-8251-F47DE632A3BB}.Release|x64.ActiveCfg = Release|x64
		{11A46453-9068-48AF-8251-F47DE632A3BB}.Release|x64.Build.0 = Release|x64
		{11A46453-9068-48AF-8251-F47DE632A3BB}.Release|x64.Deploy.0 = Release|x64
		{11A46453-9068-48AF-8251-F47DE632A3BB}.Release|x86.ActiveCfg = Release|x86
		{11A46453-9068-48AF-8251-F47DE632A3BB}.Release|x86.Build.0 = Release|x86
		{11A46453-9068-48AF-8251-F47DE632A3BB}.Release|x86.Deploy.0 = Release|x86
		{510861CB-11B9-47C9-8EF3-4A1A2A8222C3}.Debug|Any CPU.ActiveCfg = Debug|Any CPU
		{510861CB-11B9-47C9-8EF3-4A1A2A8222C3}.Debug|Any CPU.Build.0 = Debug|Any CPU
		{510861CB-11B9-47C9-8EF3-4A1A2A8222C3}.Debug|ARM.ActiveCfg = Debug|Any CPU
		{510861CB-11B9-47C9-8EF3-4A1A2A8222C3}.Debug|x64.ActiveCfg = Debug|Any CPU
		{510861CB-11B9-47C9-8EF3-4A1A2A8222C3}.Debug|x86.ActiveCfg = Debug|Any CPU
		{510861CB-11B9-47C9-8EF3-4A1A2A8222C3}.Release|Any CPU.ActiveCfg = Release|Any CPU
		{510861CB-11B9-47C9-8EF3-4A1A2A8222C3}.Release|Any CPU.Build.0 = Release|Any CPU
		{510861CB-11B9-47C9-8EF3-4A1A2A8222C3}.Release|ARM.ActiveCfg = Release|Any CPU
		{510861CB-11B9-47C9-8EF3-4A1A2A8222C3}.Release|x64.ActiveCfg = Release|Any CPU
		{510861CB-11B9-47C9-8EF3-4A1A2A8222C3}.Release|x86.ActiveCfg = Release|Any CPU
		{FB7CD2AF-DDC5-44C6-8467-E3DBD1EEC417}.Debug|Any CPU.ActiveCfg = Debug|Any CPU
		{FB7CD2AF-DDC5-44C6-8467-E3DBD1EEC417}.Debug|Any CPU.Build.0 = Debug|Any CPU
		{FB7CD2AF-DDC5-44C6-8467-E3DBD1EEC417}.Debug|ARM.ActiveCfg = Debug|Any CPU
		{FB7CD2AF-DDC5-44C6-8467-E3DBD1EEC417}.Debug|x64.ActiveCfg = Debug|Any CPU
		{FB7CD2AF-DDC5-44C6-8467-E3DBD1EEC417}.Debug|x86.ActiveCfg = Debug|Any CPU
		{FB7CD2AF-DDC5-44C6-8467-E3DBD1EEC417}.Release|Any CPU.ActiveCfg = Release|Any CPU
		{FB7CD2AF-DDC5-44C6-8467-E3DBD1EEC417}.Release|Any CPU.Build.0 = Release|Any CPU
		{FB7CD2AF-DDC5-44C6-8467-E3DBD1EEC417}.Release|ARM.ActiveCfg = Release|Any CPU
		{FB7CD2AF-DDC5-44C6-8467-E3DBD1EEC417}.Release|x64.ActiveCfg = Release|Any CPU
		{FB7CD2AF-DDC5-44C6-8467-E3DBD1EEC417}.Release|x86.ActiveCfg = Release|Any CPU
		{850B3C7A-8885-4CCB-AE30-814140F019D2}.Debug|Any CPU.ActiveCfg = Debug|Any CPU
		{850B3C7A-8885-4CCB-AE30-814140F019D2}.Debug|Any CPU.Build.0 = Debug|Any CPU
		{850B3C7A-8885-4CCB-AE30-814140F019D2}.Debug|ARM.ActiveCfg = Debug|ARM
		{850B3C7A-8885-4CCB-AE30-814140F019D2}.Debug|ARM.Build.0 = Debug|ARM
		{850B3C7A-8885-4CCB-AE30-814140F019D2}.Debug|x64.ActiveCfg = Debug|x64
		{850B3C7A-8885-4CCB-AE30-814140F019D2}.Debug|x64.Build.0 = Debug|x64
		{850B3C7A-8885-4CCB-AE30-814140F019D2}.Debug|x86.ActiveCfg = Debug|x86
		{850B3C7A-8885-4CCB-AE30-814140F019D2}.Debug|x86.Build.0 = Debug|x86
		{850B3C7A-8885-4CCB-AE30-814140F019D2}.Release|Any CPU.ActiveCfg = Release|Any CPU
		{850B3C7A-8885-4CCB-AE30-814140F019D2}.Release|Any CPU.Build.0 = Release|Any CPU
		{850B3C7A-8885-4CCB-AE30-814140F019D2}.Release|ARM.ActiveCfg = Release|ARM
		{850B3C7A-8885-4CCB-AE30-814140F019D2}.Release|ARM.Build.0 = Release|ARM
		{850B3C7A-8885-4CCB-AE30-814140F019D2}.Release|x64.ActiveCfg = Release|x64
		{850B3C7A-8885-4CCB-AE30-814140F019D2}.Release|x64.Build.0 = Release|x64
		{850B3C7A-8885-4CCB-AE30-814140F019D2}.Release|x86.ActiveCfg = Release|x86
		{850B3C7A-8885-4CCB-AE30-814140F019D2}.Release|x86.Build.0 = Release|x86
	EndGlobalSection
	GlobalSection(SolutionProperties) = preSolution
		HideSolutionNode = FALSE
	EndGlobalSection
	GlobalSection(NestedProjects) = preSolution
		{564701B5-D8F3-4B69-981F-559F8867FB76} = {14C7D3EC-DE4D-4573-9F49-4FF9422D6C9B}
		{ADC6AC03-747D-444C-A204-CAB1624429C7} = {14C7D3EC-DE4D-4573-9F49-4FF9422D6C9B}
		{05FDBAC1-22F3-4715-AE53-25E5B7C5482E} = {14C7D3EC-DE4D-4573-9F49-4FF9422D6C9B}
		{6E813BFB-7B00-4E63-B5FF-17B636387B87} = {14C7D3EC-DE4D-4573-9F49-4FF9422D6C9B}
		{FB7CD2AF-DDC5-44C6-8467-E3DBD1EEC417} = {14C7D3EC-DE4D-4573-9F49-4FF9422D6C9B}
		{F6F6B78C-3213-452C-834B-2D2C8AE69685} = {06E2BB5F-880E-40A4-9276-BD76246E4296}
		{DD577175-035C-49D5-A8C8-E57AB2D87E16} = {06E2BB5F-880E-40A4-9276-BD76246E4296}
		{32175596-27D0-40B2-A036-2C49492686C4} = {06E2BB5F-880E-40A4-9276-BD76246E4296}
		{86BA7957-9CF0-44BD-83F6-0BC71953BCCC} = {06E2BB5F-880E-40A4-9276-BD76246E4296}
		{510861CB-11B9-47C9-8EF3-4A1A2A8222C3} = {06E2BB5F-880E-40A4-9276-BD76246E4296}
		{07FEA184-BCE6-4224-A9D7-B8D3FF5BB439} = {21F9B70E-0D69-43C4-B913-9D21DD9020A9}
		{2D5A620A-FD35-44D0-AFAD-F239CECBAEFE} = {21F9B70E-0D69-43C4-B913-9D21DD9020A9}
		{A47B5C4D-01BE-4C95-9896-1B0A984879AE} = {21F9B70E-0D69-43C4-B913-9D21DD9020A9}
		{11A46453-9068-48AF-8251-F47DE632A3BB} = {21F9B70E-0D69-43C4-B913-9D21DD9020A9}
		{850B3C7A-8885-4CCB-AE30-814140F019D2} = {21F9B70E-0D69-43C4-B913-9D21DD9020A9}
	EndGlobalSection
EndGlobal
