
Microsoft Visual Studio Solution File, Format Version 12.00
# Visual Studio 2012
Project("{FAE04EC0-301F-11D3-BF4B-00C04F79EFBC}") = "MyCouch", "Projects\MyCouch\MyCouch.csproj", "{F721C24F-162E-4505-9D5E-F7565CA16886}"
EndProject
Project("{2150E333-8FDC-42A3-9474-1A3956D46DE8}") = "Solution Items", "Solution Items", "{785379EB-A911-4A49-986E-96DD4756B3FA}"
	ProjectSection(SolutionItems) = preProject
		SharedAssemblyInfo.cs = SharedAssemblyInfo.cs
	EndProjectSection
EndProject
Project("{FAE04EC0-301F-11D3-BF4B-00C04F79EFBC}") = "MyCouch.ConsoleSamples", "Samples\MyCouch.ConsoleSamples\MyCouch.ConsoleSamples.csproj", "{F19F4721-A557-421A-82C0-25DC3ECB3F7A}"
EndProject
Project("{2150E333-8FDC-42A3-9474-1A3956D46DE8}") = "Tests", "Tests", "{2F6DAB03-ECF3-4811-BEF4-FC2C8A6451DE}"
EndProject
Project("{2150E333-8FDC-42A3-9474-1A3956D46DE8}") = "Samples", "Samples", "{910E03F3-43C2-4E82-9BE1-3BF8F453A0FB}"
EndProject
Project("{FAE04EC0-301F-11D3-BF4B-00C04F79EFBC}") = "MyCouch.Testing", "Tests\MyCouch.Testing\MyCouch.Testing.csproj", "{9622FAF4-8CC8-406C-9F0E-8E20E568F71E}"
EndProject
Project("{FAE04EC0-301F-11D3-BF4B-00C04F79EFBC}") = "MyCouch.IntegrationTests", "Tests\MyCouch.IntegrationTests\MyCouch.IntegrationTests.csproj", "{B52FA7B6-ECB7-4956-920B-7AE032E7A296}"
EndProject
Project("{FAE04EC0-301F-11D3-BF4B-00C04F79EFBC}") = "MyCouch.UnitTests", "Tests\MyCouch.UnitTests\MyCouch.UnitTests.csproj", "{0E553821-2B69-4BB7-B14B-A13FE3557EEB}"
EndProject
Global
	GlobalSection(SolutionConfigurationPlatforms) = preSolution
		Debug|Any CPU = Debug|Any CPU
		Release|Any CPU = Release|Any CPU
	EndGlobalSection
	GlobalSection(ProjectConfigurationPlatforms) = postSolution
		{F721C24F-162E-4505-9D5E-F7565CA16886}.Debug|Any CPU.ActiveCfg = Debug|Any CPU
		{F721C24F-162E-4505-9D5E-F7565CA16886}.Debug|Any CPU.Build.0 = Debug|Any CPU
		{F721C24F-162E-4505-9D5E-F7565CA16886}.Release|Any CPU.ActiveCfg = Release|Any CPU
		{F721C24F-162E-4505-9D5E-F7565CA16886}.Release|Any CPU.Build.0 = Release|Any CPU
		{F19F4721-A557-421A-82C0-25DC3ECB3F7A}.Debug|Any CPU.ActiveCfg = Debug|Any CPU
		{F19F4721-A557-421A-82C0-25DC3ECB3F7A}.Debug|Any CPU.Build.0 = Debug|Any CPU
		{F19F4721-A557-421A-82C0-25DC3ECB3F7A}.Release|Any CPU.ActiveCfg = Release|Any CPU
		{F19F4721-A557-421A-82C0-25DC3ECB3F7A}.Release|Any CPU.Build.0 = Release|Any CPU
		{9622FAF4-8CC8-406C-9F0E-8E20E568F71E}.Debug|Any CPU.ActiveCfg = Debug|Any CPU
		{9622FAF4-8CC8-406C-9F0E-8E20E568F71E}.Debug|Any CPU.Build.0 = Debug|Any CPU
		{9622FAF4-8CC8-406C-9F0E-8E20E568F71E}.Release|Any CPU.ActiveCfg = Release|Any CPU
		{9622FAF4-8CC8-406C-9F0E-8E20E568F71E}.Release|Any CPU.Build.0 = Release|Any CPU
		{B52FA7B6-ECB7-4956-920B-7AE032E7A296}.Debug|Any CPU.ActiveCfg = Debug|Any CPU
		{B52FA7B6-ECB7-4956-920B-7AE032E7A296}.Debug|Any CPU.Build.0 = Debug|Any CPU
		{B52FA7B6-ECB7-4956-920B-7AE032E7A296}.Release|Any CPU.ActiveCfg = Release|Any CPU
		{B52FA7B6-ECB7-4956-920B-7AE032E7A296}.Release|Any CPU.Build.0 = Release|Any CPU
		{0E553821-2B69-4BB7-B14B-A13FE3557EEB}.Debug|Any CPU.ActiveCfg = Debug|Any CPU
		{0E553821-2B69-4BB7-B14B-A13FE3557EEB}.Debug|Any CPU.Build.0 = Debug|Any CPU
		{0E553821-2B69-4BB7-B14B-A13FE3557EEB}.Release|Any CPU.ActiveCfg = Release|Any CPU
		{0E553821-2B69-4BB7-B14B-A13FE3557EEB}.Release|Any CPU.Build.0 = Release|Any CPU
	EndGlobalSection
	GlobalSection(SolutionProperties) = preSolution
		HideSolutionNode = FALSE
	EndGlobalSection
	GlobalSection(NestedProjects) = preSolution
		{9622FAF4-8CC8-406C-9F0E-8E20E568F71E} = {2F6DAB03-ECF3-4811-BEF4-FC2C8A6451DE}
		{B52FA7B6-ECB7-4956-920B-7AE032E7A296} = {2F6DAB03-ECF3-4811-BEF4-FC2C8A6451DE}
		{0E553821-2B69-4BB7-B14B-A13FE3557EEB} = {2F6DAB03-ECF3-4811-BEF4-FC2C8A6451DE}
		{F19F4721-A557-421A-82C0-25DC3ECB3F7A} = {910E03F3-43C2-4E82-9BE1-3BF8F453A0FB}
	EndGlobalSection
EndGlobal
