
Microsoft Visual Studio Solution File, Format Version 12.00
# Visual Studio 14
VisualStudioVersion = 14.0.23107.0
MinimumVisualStudioVersion = 10.0.40219.1
Project("{2150E333-8FDC-42A3-9474-1A3956D46DE8}") = "Solution Items", "Solution Items", "{72CA66FC-D747-44D6-AB61-0B1891CA075E}"
	ProjectSection(SolutionItems) = preProject
		SharedAssemblyInfo.cs = SharedAssemblyInfo.cs
	EndProjectSection
EndProject
Project("{2150E333-8FDC-42A3-9474-1A3956D46DE8}") = "Cloudant", "Cloudant", "{7D312491-214B-4BCC-AB6A-C0141D3A5216}"
EndProject
Project("{2150E333-8FDC-42A3-9474-1A3956D46DE8}") = "Tests", "Tests", "{F2BCAF1A-9F1F-4F7D-A6FC-68615520987F}"
EndProject
Project("{FAE04EC0-301F-11D3-BF4B-00C04F79EFBC}") = "MyCouch.Pcl", "projects\MyCouch.Pcl\MyCouch.Pcl.csproj", "{DA67C219-8FD3-4DA8-892F-1D31DD473243}"
EndProject
Project("{FAE04EC0-301F-11D3-BF4B-00C04F79EFBC}") = "MyCouch.Net45", "projects\MyCouch.Net45\MyCouch.Net45.csproj", "{7F6E9978-92F3-4B66-95DD-ADA46B2A3BC5}"
EndProject
Project("{FAE04EC0-301F-11D3-BF4B-00C04F79EFBC}") = "MyCouch.Testing.Net45", "tests\MyCouch.Testing.Net45\MyCouch.Testing.Net45.csproj", "{735B956A-803F-45FE-AC4E-D3B90BE50E73}"
EndProject
Project("{FAE04EC0-301F-11D3-BF4B-00C04F79EFBC}") = "MyCouch.Cloudant.Net45", "projects\MyCouch.Cloudant.Net45\MyCouch.Cloudant.Net45.csproj", "{93089F62-C493-460C-945D-4F32CD94B450}"
EndProject
Project("{FAE04EC0-301F-11D3-BF4B-00C04F79EFBC}") = "MyCouch.Cloudant.Pcl", "projects\MyCouch.Cloudant.Pcl\MyCouch.Cloudant.Pcl.csproj", "{5A0D4E69-6A48-49D6-8B68-89C7B3EA6603}"
EndProject
Project("{2150E333-8FDC-42A3-9474-1A3956D46DE8}") = "UnitTests", "UnitTests", "{AF893198-DB75-41E3-B4D2-8E75A9EC0CE2}"
EndProject
Project("{FAE04EC0-301F-11D3-BF4B-00C04F79EFBC}") = "MyCouch.UnitTests.Net45", "tests\MyCouch.UnitTests.Net45\MyCouch.UnitTests.Net45.csproj", "{6E78D4C6-C93B-4F61-989C-83B2C49B9012}"
EndProject
Project("{2150E333-8FDC-42A3-9474-1A3956D46DE8}") = "IntegrationTests", "IntegrationTests", "{B9338953-973E-48FE-A11A-8CF09F7FEA09}"
EndProject
Project("{FAE04EC0-301F-11D3-BF4B-00C04F79EFBC}") = "MyCouch.UnitTests.Net40", "tests\MyCouch.UnitTests.Net40\MyCouch.UnitTests.Net40.csproj", "{09E87DDA-6838-45E2-AAF4-D48DCFDAC3EA}"
EndProject
Project("{FAE04EC0-301F-11D3-BF4B-00C04F79EFBC}") = "MyCouch.IntegrationTests.Net40", "tests\MyCouch.IntegrationTests.Net40\MyCouch.IntegrationTests.Net40.csproj", "{8BEF707C-7004-48A4-B448-CBE2166AF21B}"
EndProject
Project("{FAE04EC0-301F-11D3-BF4B-00C04F79EFBC}") = "MyCouch.Net40", "projects\MyCouch.Net40\MyCouch.Net40.csproj", "{36D1CBC7-DBE6-4FA9-83FC-ABFB2FB003A5}"
EndProject
Project("{FAE04EC0-301F-11D3-BF4B-00C04F79EFBC}") = "MyCouch.Cloudant.Net40", "projects\MyCouch.Cloudant.Net40\MyCouch.Cloudant.Net40.csproj", "{63E1FA0F-EC04-4450-98CB-34C05839657D}"
EndProject
Project("{FAE04EC0-301F-11D3-BF4B-00C04F79EFBC}") = "MyCouch.Testing.Net40", "tests\MyCouch.Testing.Net40\MyCouch.Testing.Net40.csproj", "{4FA05380-AB31-40F4-96CF-30CC41070160}"
EndProject
Project("{FAE04EC0-301F-11D3-BF4B-00C04F79EFBC}") = "MrLab", "samples\MrLab\MrLab.csproj", "{64DDD3E7-FDCB-4839-9261-FEF848026F7A}"
EndProject
Project("{2150E333-8FDC-42A3-9474-1A3956D46DE8}") = "Samples", "Samples", "{F804C04F-07AF-4FCA-9FA8-F172AC3CE423}"
EndProject
Project("{FAE04EC0-301F-11D3-BF4B-00C04F79EFBC}") = "MyCouch.UnitTests.Pcl", "tests\MyCouch.UnitTests.Pcl\MyCouch.UnitTests.Pcl.csproj", "{4DE6E64A-4A77-43A4-9BC9-5EBD1D6E4EED}"
EndProject
Project("{FAE04EC0-301F-11D3-BF4B-00C04F79EFBC}") = "MyCouch.IntegrationTests.Pcl", "tests\MyCouch.IntegrationTests.Pcl\MyCouch.IntegrationTests.Pcl.csproj", "{DF76366D-F94C-4E23-A582-21EF11EB5DB0}"
EndProject
Project("{FAE04EC0-301F-11D3-BF4B-00C04F79EFBC}") = "MyCouch.IntegrationTests.Net45", "tests\MyCouch.IntegrationTests.Net45\MyCouch.IntegrationTests.Net45.csproj", "{810E7A2F-F4F7-4761-8E47-1E5215AFCA8A}"
EndProject
Project("{D954291E-2A0B-460D-934E-DC6B0785DB48}") = "MyCouch", "projects\MyCouch\MyCouch.shproj", "{C376D027-8CA6-47C6-9AC4-278CF314AA69}"
EndProject
Project("{D954291E-2A0B-460D-934E-DC6B0785DB48}") = "MyCouch.Cloudant", "projects\MyCouch.Cloudant\MyCouch.Cloudant.shproj", "{8AC29AC2-E647-4874-B34C-3A8B935AD703}"
EndProject
Project("{FAE04EC0-301F-11D3-BF4B-00C04F79EFBC}") = "MyCouch.vNext", "projects\MyCouch.vNext\MyCouch.vNext.csproj", "{E774D145-2ED3-4560-93E7-F61712398EA7}"
EndProject
Project("{FAE04EC0-301F-11D3-BF4B-00C04F79EFBC}") = "MyCouch.Cloudant.vNext", "projects\MyCouch.Cloudant.vNext\MyCouch.Cloudant.vNext.csproj", "{E19ABA19-29F9-4658-8E15-6995A11377ED}"
EndProject
Project("{D954291E-2A0B-460D-934E-DC6B0785DB48}") = "MyCouch.UnitTests", "tests\MyCouch.UnitTests\MyCouch.UnitTests.shproj", "{FA43D274-0F74-424E-80FE-21A19816BAC9}"
EndProject
Project("{D954291E-2A0B-460D-934E-DC6B0785DB48}") = "MyCouch.IntegrationTests", "tests\MyCouch.IntegrationTests\MyCouch.IntegrationTests.shproj", "{7CB7B3CE-FAD9-41AB-AACB-0977AC141BD9}"
EndProject
Project("{D954291E-2A0B-460D-934E-DC6B0785DB48}") = "MyCouch.Testing", "tests\MyCouch.Testing\MyCouch.Testing.shproj", "{32FC2540-A01D-484A-B25E-21B7D4367E8B}"
EndProject
Project("{FAE04EC0-301F-11D3-BF4B-00C04F79EFBC}") = "MyCouch.Testing.vNext", "tests\MyCouch.Testing.vNext\MyCouch.Testing.vNext.csproj", "{8D298086-99C8-4DD8-9A2C-D4921CCE86DE}"
EndProject
Project("{FAE04EC0-301F-11D3-BF4B-00C04F79EFBC}") = "MyCouch.Testing.Pcl", "tests\MyCouch.Testing.Pcl\MyCouch.Testing.Pcl.csproj", "{11B3A91D-5805-47FC-AA47-F2E7B89592EE}"
EndProject
Project("{FAE04EC0-301F-11D3-BF4B-00C04F79EFBC}") = "MyCouch.UnitTests.vNext", "tests\MyCouch.UnitTests.vNext\MyCouch.UnitTests.vNext.csproj", "{1A1AAB8A-674B-4BBA-9ED0-2CFCB227D4A7}"
EndProject
Project("{FAE04EC0-301F-11D3-BF4B-00C04F79EFBC}") = "MyCouch.IntegrationTests.vNext", "tests\MyCouch.IntegrationTests.vNext\MyCouch.IntegrationTests.vNext.csproj", "{A9FE0E65-AB90-487D-8922-1A1C0A6D121F}"
EndProject
Global
	GlobalSection(SharedMSBuildProjectFiles) = preSolution
		tests\MyCouch.IntegrationTests\MyCouch.IntegrationTests.projitems*{7cb7b3ce-fad9-41ab-aacb-0977ac141bd9}*SharedItemsImports = 13
		projects\MyCouch.Cloudant\MyCouch.Cloudant.projitems*{e19aba19-29f9-4658-8e15-6995a11377ed}*SharedItemsImports = 4
		tests\MyCouch.Testing\MyCouch.Testing.projitems*{32fc2540-a01d-484a-b25e-21b7d4367e8b}*SharedItemsImports = 13
		tests\MyCouch.UnitTests\MyCouch.UnitTests.projitems*{09e87dda-6838-45e2-aaf4-d48dcfdac3ea}*SharedItemsImports = 4
		projects\MyCouch.Cloudant\MyCouch.Cloudant.projitems*{5a0d4e69-6a48-49d6-8b68-89c7b3ea6603}*SharedItemsImports = 4
		tests\MyCouch.Testing\MyCouch.Testing.projitems*{11b3a91d-5805-47fc-aa47-f2e7b89592ee}*SharedItemsImports = 4
		projects\MyCouch.Cloudant\MyCouch.Cloudant.projitems*{63e1fa0f-ec04-4450-98cb-34c05839657d}*SharedItemsImports = 4
		tests\MyCouch.Testing\MyCouch.Testing.projitems*{8d298086-99c8-4dd8-9a2c-d4921cce86de}*SharedItemsImports = 4
		tests\MyCouch.UnitTests\MyCouch.UnitTests.projitems*{fa43d274-0f74-424e-80fe-21a19816bac9}*SharedItemsImports = 13
		tests\MyCouch.Testing\MyCouch.Testing.projitems*{4fa05380-ab31-40f4-96cf-30cc41070160}*SharedItemsImports = 4
		tests\MyCouch.IntegrationTests\MyCouch.IntegrationTests.projitems*{df76366d-f94c-4e23-a582-21ef11eb5db0}*SharedItemsImports = 4
		tests\MyCouch.IntegrationTests\MyCouch.IntegrationTests.projitems*{a9fe0e65-ab90-487d-8922-1a1c0a6d121f}*SharedItemsImports = 4
		projects\MyCouch.Cloudant\MyCouch.Cloudant.projitems*{93089f62-c493-460c-945d-4f32cd94b450}*SharedItemsImports = 4
		tests\MyCouch.Testing\MyCouch.Testing.projitems*{735b956a-803f-45fe-ac4e-d3b90be50e73}*SharedItemsImports = 4
		tests\MyCouch.UnitTests\MyCouch.UnitTests.projitems*{6e78d4c6-c93b-4f61-989c-83b2c49b9012}*SharedItemsImports = 4
		tests\MyCouch.IntegrationTests\MyCouch.IntegrationTests.projitems*{8bef707c-7004-48a4-b448-cbe2166af21b}*SharedItemsImports = 4
		projects\MyCouch\MyCouch.projitems*{e774d145-2ed3-4560-93e7-f61712398ea7}*SharedItemsImports = 4
		projects\MyCouch\MyCouch.projitems*{7f6e9978-92f3-4b66-95dd-ada46b2a3bc5}*SharedItemsImports = 4
		projects\MyCouch\MyCouch.projitems*{36d1cbc7-dbe6-4fa9-83fc-abfb2fb003a5}*SharedItemsImports = 4
		projects\MyCouch\MyCouch.projitems*{da67c219-8fd3-4da8-892f-1d31dd473243}*SharedItemsImports = 4
		tests\MyCouch.UnitTests\MyCouch.UnitTests.projitems*{1a1aab8a-674b-4bba-9ed0-2cfcb227d4a7}*SharedItemsImports = 4
		projects\MyCouch.Cloudant\MyCouch.Cloudant.projitems*{8ac29ac2-e647-4874-b34c-3a8b935ad703}*SharedItemsImports = 13
		tests\MyCouch.UnitTests\MyCouch.UnitTests.projitems*{4de6e64a-4a77-43a4-9bc9-5ebd1d6e4eed}*SharedItemsImports = 4
		projects\MyCouch\MyCouch.projitems*{c376d027-8ca6-47c6-9ac4-278cf314aa69}*SharedItemsImports = 13
		tests\MyCouch.IntegrationTests\MyCouch.IntegrationTests.projitems*{810e7a2f-f4f7-4761-8e47-1e5215afca8a}*SharedItemsImports = 4
	EndGlobalSection
	GlobalSection(SolutionConfigurationPlatforms) = preSolution
		Debug|Any CPU = Debug|Any CPU
		Release|Any CPU = Release|Any CPU
	EndGlobalSection
	GlobalSection(ProjectConfigurationPlatforms) = postSolution
		{DA67C219-8FD3-4DA8-892F-1D31DD473243}.Debug|Any CPU.ActiveCfg = Debug|Any CPU
		{DA67C219-8FD3-4DA8-892F-1D31DD473243}.Debug|Any CPU.Build.0 = Debug|Any CPU
		{DA67C219-8FD3-4DA8-892F-1D31DD473243}.Release|Any CPU.ActiveCfg = Release|Any CPU
		{DA67C219-8FD3-4DA8-892F-1D31DD473243}.Release|Any CPU.Build.0 = Release|Any CPU
		{7F6E9978-92F3-4B66-95DD-ADA46B2A3BC5}.Debug|Any CPU.ActiveCfg = Debug|Any CPU
		{7F6E9978-92F3-4B66-95DD-ADA46B2A3BC5}.Debug|Any CPU.Build.0 = Debug|Any CPU
		{7F6E9978-92F3-4B66-95DD-ADA46B2A3BC5}.Release|Any CPU.ActiveCfg = Release|Any CPU
		{7F6E9978-92F3-4B66-95DD-ADA46B2A3BC5}.Release|Any CPU.Build.0 = Release|Any CPU
		{735B956A-803F-45FE-AC4E-D3B90BE50E73}.Debug|Any CPU.ActiveCfg = Debug|Any CPU
		{735B956A-803F-45FE-AC4E-D3B90BE50E73}.Debug|Any CPU.Build.0 = Debug|Any CPU
		{735B956A-803F-45FE-AC4E-D3B90BE50E73}.Release|Any CPU.ActiveCfg = Release|Any CPU
		{735B956A-803F-45FE-AC4E-D3B90BE50E73}.Release|Any CPU.Build.0 = Release|Any CPU
		{93089F62-C493-460C-945D-4F32CD94B450}.Debug|Any CPU.ActiveCfg = Debug|Any CPU
		{93089F62-C493-460C-945D-4F32CD94B450}.Debug|Any CPU.Build.0 = Debug|Any CPU
		{93089F62-C493-460C-945D-4F32CD94B450}.Release|Any CPU.ActiveCfg = Release|Any CPU
		{93089F62-C493-460C-945D-4F32CD94B450}.Release|Any CPU.Build.0 = Release|Any CPU
		{5A0D4E69-6A48-49D6-8B68-89C7B3EA6603}.Debug|Any CPU.ActiveCfg = Debug|Any CPU
		{5A0D4E69-6A48-49D6-8B68-89C7B3EA6603}.Debug|Any CPU.Build.0 = Debug|Any CPU
		{5A0D4E69-6A48-49D6-8B68-89C7B3EA6603}.Release|Any CPU.ActiveCfg = Release|Any CPU
		{5A0D4E69-6A48-49D6-8B68-89C7B3EA6603}.Release|Any CPU.Build.0 = Release|Any CPU
		{6E78D4C6-C93B-4F61-989C-83B2C49B9012}.Debug|Any CPU.ActiveCfg = Debug|Any CPU
		{6E78D4C6-C93B-4F61-989C-83B2C49B9012}.Debug|Any CPU.Build.0 = Debug|Any CPU
		{6E78D4C6-C93B-4F61-989C-83B2C49B9012}.Release|Any CPU.ActiveCfg = Release|Any CPU
		{6E78D4C6-C93B-4F61-989C-83B2C49B9012}.Release|Any CPU.Build.0 = Release|Any CPU
		{09E87DDA-6838-45E2-AAF4-D48DCFDAC3EA}.Debug|Any CPU.ActiveCfg = Debug|Any CPU
		{09E87DDA-6838-45E2-AAF4-D48DCFDAC3EA}.Debug|Any CPU.Build.0 = Debug|Any CPU
		{09E87DDA-6838-45E2-AAF4-D48DCFDAC3EA}.Release|Any CPU.ActiveCfg = Release|Any CPU
		{09E87DDA-6838-45E2-AAF4-D48DCFDAC3EA}.Release|Any CPU.Build.0 = Release|Any CPU
		{8BEF707C-7004-48A4-B448-CBE2166AF21B}.Debug|Any CPU.ActiveCfg = Debug|Any CPU
		{8BEF707C-7004-48A4-B448-CBE2166AF21B}.Debug|Any CPU.Build.0 = Debug|Any CPU
		{8BEF707C-7004-48A4-B448-CBE2166AF21B}.Release|Any CPU.ActiveCfg = Release|Any CPU
		{8BEF707C-7004-48A4-B448-CBE2166AF21B}.Release|Any CPU.Build.0 = Release|Any CPU
		{36D1CBC7-DBE6-4FA9-83FC-ABFB2FB003A5}.Debug|Any CPU.ActiveCfg = Debug|Any CPU
		{36D1CBC7-DBE6-4FA9-83FC-ABFB2FB003A5}.Debug|Any CPU.Build.0 = Debug|Any CPU
		{36D1CBC7-DBE6-4FA9-83FC-ABFB2FB003A5}.Release|Any CPU.ActiveCfg = Release|Any CPU
		{36D1CBC7-DBE6-4FA9-83FC-ABFB2FB003A5}.Release|Any CPU.Build.0 = Release|Any CPU
		{63E1FA0F-EC04-4450-98CB-34C05839657D}.Debug|Any CPU.ActiveCfg = Debug|Any CPU
		{63E1FA0F-EC04-4450-98CB-34C05839657D}.Debug|Any CPU.Build.0 = Debug|Any CPU
		{63E1FA0F-EC04-4450-98CB-34C05839657D}.Release|Any CPU.ActiveCfg = Release|Any CPU
		{63E1FA0F-EC04-4450-98CB-34C05839657D}.Release|Any CPU.Build.0 = Release|Any CPU
		{4FA05380-AB31-40F4-96CF-30CC41070160}.Debug|Any CPU.ActiveCfg = Debug|Any CPU
		{4FA05380-AB31-40F4-96CF-30CC41070160}.Debug|Any CPU.Build.0 = Debug|Any CPU
		{4FA05380-AB31-40F4-96CF-30CC41070160}.Release|Any CPU.ActiveCfg = Release|Any CPU
		{4FA05380-AB31-40F4-96CF-30CC41070160}.Release|Any CPU.Build.0 = Release|Any CPU
		{64DDD3E7-FDCB-4839-9261-FEF848026F7A}.Debug|Any CPU.ActiveCfg = Debug|Any CPU
		{64DDD3E7-FDCB-4839-9261-FEF848026F7A}.Debug|Any CPU.Build.0 = Debug|Any CPU
		{64DDD3E7-FDCB-4839-9261-FEF848026F7A}.Release|Any CPU.ActiveCfg = Release|Any CPU
		{64DDD3E7-FDCB-4839-9261-FEF848026F7A}.Release|Any CPU.Build.0 = Release|Any CPU
		{4DE6E64A-4A77-43A4-9BC9-5EBD1D6E4EED}.Debug|Any CPU.ActiveCfg = Debug|Any CPU
		{4DE6E64A-4A77-43A4-9BC9-5EBD1D6E4EED}.Debug|Any CPU.Build.0 = Debug|Any CPU
		{4DE6E64A-4A77-43A4-9BC9-5EBD1D6E4EED}.Release|Any CPU.ActiveCfg = Release|Any CPU
		{4DE6E64A-4A77-43A4-9BC9-5EBD1D6E4EED}.Release|Any CPU.Build.0 = Release|Any CPU
		{DF76366D-F94C-4E23-A582-21EF11EB5DB0}.Debug|Any CPU.ActiveCfg = Debug|Any CPU
		{DF76366D-F94C-4E23-A582-21EF11EB5DB0}.Debug|Any CPU.Build.0 = Debug|Any CPU
		{DF76366D-F94C-4E23-A582-21EF11EB5DB0}.Release|Any CPU.ActiveCfg = Release|Any CPU
		{DF76366D-F94C-4E23-A582-21EF11EB5DB0}.Release|Any CPU.Build.0 = Release|Any CPU
		{810E7A2F-F4F7-4761-8E47-1E5215AFCA8A}.Debug|Any CPU.ActiveCfg = Debug|Any CPU
		{810E7A2F-F4F7-4761-8E47-1E5215AFCA8A}.Debug|Any CPU.Build.0 = Debug|Any CPU
		{810E7A2F-F4F7-4761-8E47-1E5215AFCA8A}.Release|Any CPU.ActiveCfg = Release|Any CPU
		{810E7A2F-F4F7-4761-8E47-1E5215AFCA8A}.Release|Any CPU.Build.0 = Release|Any CPU
		{E774D145-2ED3-4560-93E7-F61712398EA7}.Debug|Any CPU.ActiveCfg = Debug|Any CPU
		{E774D145-2ED3-4560-93E7-F61712398EA7}.Debug|Any CPU.Build.0 = Debug|Any CPU
		{E774D145-2ED3-4560-93E7-F61712398EA7}.Release|Any CPU.ActiveCfg = Release|Any CPU
		{E774D145-2ED3-4560-93E7-F61712398EA7}.Release|Any CPU.Build.0 = Release|Any CPU
		{E19ABA19-29F9-4658-8E15-6995A11377ED}.Debug|Any CPU.ActiveCfg = Debug|Any CPU
		{E19ABA19-29F9-4658-8E15-6995A11377ED}.Debug|Any CPU.Build.0 = Debug|Any CPU
		{E19ABA19-29F9-4658-8E15-6995A11377ED}.Release|Any CPU.ActiveCfg = Release|Any CPU
		{E19ABA19-29F9-4658-8E15-6995A11377ED}.Release|Any CPU.Build.0 = Release|Any CPU
		{8D298086-99C8-4DD8-9A2C-D4921CCE86DE}.Debug|Any CPU.ActiveCfg = Debug|Any CPU
		{8D298086-99C8-4DD8-9A2C-D4921CCE86DE}.Debug|Any CPU.Build.0 = Debug|Any CPU
		{8D298086-99C8-4DD8-9A2C-D4921CCE86DE}.Release|Any CPU.ActiveCfg = Release|Any CPU
		{8D298086-99C8-4DD8-9A2C-D4921CCE86DE}.Release|Any CPU.Build.0 = Release|Any CPU
		{11B3A91D-5805-47FC-AA47-F2E7B89592EE}.Debug|Any CPU.ActiveCfg = Debug|Any CPU
		{11B3A91D-5805-47FC-AA47-F2E7B89592EE}.Debug|Any CPU.Build.0 = Debug|Any CPU
		{11B3A91D-5805-47FC-AA47-F2E7B89592EE}.Release|Any CPU.ActiveCfg = Release|Any CPU
		{11B3A91D-5805-47FC-AA47-F2E7B89592EE}.Release|Any CPU.Build.0 = Release|Any CPU
		{1A1AAB8A-674B-4BBA-9ED0-2CFCB227D4A7}.Debug|Any CPU.ActiveCfg = Debug|Any CPU
		{1A1AAB8A-674B-4BBA-9ED0-2CFCB227D4A7}.Debug|Any CPU.Build.0 = Debug|Any CPU
		{1A1AAB8A-674B-4BBA-9ED0-2CFCB227D4A7}.Release|Any CPU.ActiveCfg = Release|Any CPU
		{1A1AAB8A-674B-4BBA-9ED0-2CFCB227D4A7}.Release|Any CPU.Build.0 = Release|Any CPU
		{A9FE0E65-AB90-487D-8922-1A1C0A6D121F}.Debug|Any CPU.ActiveCfg = Debug|Any CPU
		{A9FE0E65-AB90-487D-8922-1A1C0A6D121F}.Debug|Any CPU.Build.0 = Debug|Any CPU
		{A9FE0E65-AB90-487D-8922-1A1C0A6D121F}.Release|Any CPU.ActiveCfg = Release|Any CPU
		{A9FE0E65-AB90-487D-8922-1A1C0A6D121F}.Release|Any CPU.Build.0 = Release|Any CPU
	EndGlobalSection
	GlobalSection(SolutionProperties) = preSolution
		HideSolutionNode = FALSE
	EndGlobalSection
	GlobalSection(NestedProjects) = preSolution
		{735B956A-803F-45FE-AC4E-D3B90BE50E73} = {F2BCAF1A-9F1F-4F7D-A6FC-68615520987F}
		{93089F62-C493-460C-945D-4F32CD94B450} = {7D312491-214B-4BCC-AB6A-C0141D3A5216}
		{5A0D4E69-6A48-49D6-8B68-89C7B3EA6603} = {7D312491-214B-4BCC-AB6A-C0141D3A5216}
		{AF893198-DB75-41E3-B4D2-8E75A9EC0CE2} = {F2BCAF1A-9F1F-4F7D-A6FC-68615520987F}
		{6E78D4C6-C93B-4F61-989C-83B2C49B9012} = {AF893198-DB75-41E3-B4D2-8E75A9EC0CE2}
		{B9338953-973E-48FE-A11A-8CF09F7FEA09} = {F2BCAF1A-9F1F-4F7D-A6FC-68615520987F}
		{09E87DDA-6838-45E2-AAF4-D48DCFDAC3EA} = {AF893198-DB75-41E3-B4D2-8E75A9EC0CE2}
		{8BEF707C-7004-48A4-B448-CBE2166AF21B} = {B9338953-973E-48FE-A11A-8CF09F7FEA09}
		{63E1FA0F-EC04-4450-98CB-34C05839657D} = {7D312491-214B-4BCC-AB6A-C0141D3A5216}
		{4FA05380-AB31-40F4-96CF-30CC41070160} = {F2BCAF1A-9F1F-4F7D-A6FC-68615520987F}
		{64DDD3E7-FDCB-4839-9261-FEF848026F7A} = {F804C04F-07AF-4FCA-9FA8-F172AC3CE423}
		{4DE6E64A-4A77-43A4-9BC9-5EBD1D6E4EED} = {AF893198-DB75-41E3-B4D2-8E75A9EC0CE2}
		{DF76366D-F94C-4E23-A582-21EF11EB5DB0} = {B9338953-973E-48FE-A11A-8CF09F7FEA09}
		{810E7A2F-F4F7-4761-8E47-1E5215AFCA8A} = {B9338953-973E-48FE-A11A-8CF09F7FEA09}
		{8AC29AC2-E647-4874-B34C-3A8B935AD703} = {7D312491-214B-4BCC-AB6A-C0141D3A5216}
		{E19ABA19-29F9-4658-8E15-6995A11377ED} = {7D312491-214B-4BCC-AB6A-C0141D3A5216}
		{FA43D274-0F74-424E-80FE-21A19816BAC9} = {AF893198-DB75-41E3-B4D2-8E75A9EC0CE2}
		{7CB7B3CE-FAD9-41AB-AACB-0977AC141BD9} = {B9338953-973E-48FE-A11A-8CF09F7FEA09}
		{32FC2540-A01D-484A-B25E-21B7D4367E8B} = {F2BCAF1A-9F1F-4F7D-A6FC-68615520987F}
		{8D298086-99C8-4DD8-9A2C-D4921CCE86DE} = {F2BCAF1A-9F1F-4F7D-A6FC-68615520987F}
		{11B3A91D-5805-47FC-AA47-F2E7B89592EE} = {F2BCAF1A-9F1F-4F7D-A6FC-68615520987F}
		{1A1AAB8A-674B-4BBA-9ED0-2CFCB227D4A7} = {AF893198-DB75-41E3-B4D2-8E75A9EC0CE2}
		{A9FE0E65-AB90-487D-8922-1A1C0A6D121F} = {B9338953-973E-48FE-A11A-8CF09F7FEA09}
	EndGlobalSection
EndGlobal
