
Microsoft Visual Studio Solution File, Format Version 12.00
# Visual Studio 15
VisualStudioVersion = 15.0.26403.7
MinimumVisualStudioVersion = 10.0.40219.1
Project("{2150E333-8FDC-42A3-9474-1A3956D46DE8}") = "Tests", "Tests", "{FC7CB96C-9CAB-4BB4-BA16-F581AE5386B0}"
EndProject
Project("{9A19103F-16F7-4668-BE54-9A1E7A4F7556}") = "MyCouch", "projects\MyCouch\MyCouch.csproj", "{09D91458-2693-4BEF-B1D7-5900269FDAD1}"
EndProject
Project("{9A19103F-16F7-4668-BE54-9A1E7A4F7556}") = "Testing", "tests\Testing\Testing.csproj", "{0AA75B61-CACB-4F3E-9EFF-87F71E469C08}"
EndProject
Project("{2150E333-8FDC-42A3-9474-1A3956D46DE8}") = "Solution Items", "Solution Items", "{CA355029-FD5C-4D50-A487-8A09C86B95F3}"
	ProjectSection(SolutionItems) = preProject
		Directory.Build.props = Directory.Build.props
	EndProjectSection
EndProject
Project("{9A19103F-16F7-4668-BE54-9A1E7A4F7556}") = "UnitTests", "tests\UnitTests\UnitTests.csproj", "{C690B60F-4A1F-4F7B-A674-2DD4A8694063}"
EndProject
Project("{9A19103F-16F7-4668-BE54-9A1E7A4F7556}") = "IntegrationTests", "tests\IntegrationTests\IntegrationTests.csproj", "{89670EA2-18DA-43B3-B54B-2BC6C833E58C}"
EndProject
Global
	GlobalSection(SolutionConfigurationPlatforms) = preSolution
		Debug|Any CPU = Debug|Any CPU
		Release|Any CPU = Release|Any CPU
	EndGlobalSection
	GlobalSection(ProjectConfigurationPlatforms) = postSolution
		{09D91458-2693-4BEF-B1D7-5900269FDAD1}.Debug|Any CPU.ActiveCfg = Debug|Any CPU
		{09D91458-2693-4BEF-B1D7-5900269FDAD1}.Debug|Any CPU.Build.0 = Debug|Any CPU
		{09D91458-2693-4BEF-B1D7-5900269FDAD1}.Release|Any CPU.ActiveCfg = Release|Any CPU
		{09D91458-2693-4BEF-B1D7-5900269FDAD1}.Release|Any CPU.Build.0 = Release|Any CPU
		{0AA75B61-CACB-4F3E-9EFF-87F71E469C08}.Debug|Any CPU.ActiveCfg = Debug|Any CPU
		{0AA75B61-CACB-4F3E-9EFF-87F71E469C08}.Debug|Any CPU.Build.0 = Debug|Any CPU
		{0AA75B61-CACB-4F3E-9EFF-87F71E469C08}.Release|Any CPU.ActiveCfg = Release|Any CPU
		{0AA75B61-CACB-4F3E-9EFF-87F71E469C08}.Release|Any CPU.Build.0 = Release|Any CPU
		{C690B60F-4A1F-4F7B-A674-2DD4A8694063}.Debug|Any CPU.ActiveCfg = Debug|Any CPU
		{C690B60F-4A1F-4F7B-A674-2DD4A8694063}.Debug|Any CPU.Build.0 = Debug|Any CPU
		{C690B60F-4A1F-4F7B-A674-2DD4A8694063}.Release|Any CPU.ActiveCfg = Release|Any CPU
		{C690B60F-4A1F-4F7B-A674-2DD4A8694063}.Release|Any CPU.Build.0 = Release|Any CPU
		{89670EA2-18DA-43B3-B54B-2BC6C833E58C}.Debug|Any CPU.ActiveCfg = Debug|Any CPU
		{89670EA2-18DA-43B3-B54B-2BC6C833E58C}.Debug|Any CPU.Build.0 = Debug|Any CPU
		{89670EA2-18DA-43B3-B54B-2BC6C833E58C}.Release|Any CPU.ActiveCfg = Release|Any CPU
		{89670EA2-18DA-43B3-B54B-2BC6C833E58C}.Release|Any CPU.Build.0 = Release|Any CPU
	EndGlobalSection
	GlobalSection(SolutionProperties) = preSolution
		HideSolutionNode = FALSE
	EndGlobalSection
	GlobalSection(NestedProjects) = preSolution
		{0AA75B61-CACB-4F3E-9EFF-87F71E469C08} = {FC7CB96C-9CAB-4BB4-BA16-F581AE5386B0}
		{C690B60F-4A1F-4F7B-A674-2DD4A8694063} = {FC7CB96C-9CAB-4BB4-BA16-F581AE5386B0}
		{89670EA2-18DA-43B3-B54B-2BC6C833E58C} = {FC7CB96C-9CAB-4BB4-BA16-F581AE5386B0}
	EndGlobalSection
	GlobalSection(ExtensibilityGlobals) = postSolution
		SolutionGuid = {256D396A-263C-43E7-8802-4C6C8EAA30D9}
	EndGlobalSection
EndGlobal
